{
  "object": {
    "pins": [
      {
        "package": "Alamofire",
        "repositoryURL": "https://github.com/Alamofire/Alamofire",
        "state": {
          "branch": "master",
          "revision": "4e1103600bef06bd26e42564063e8fe8c25ef3d2",
          "version": null
        }
      },
      {
        "package": "RxSwift",
        "repositoryURL": "https://github.com/ReactiveX/RxSwift.git",
        "state": {
          "branch": "main",
          "revision": "7741a11cb4252c379c8e034508cb1b92b8b40427",
          "version": null
        }
      },
      {
        "package": "Cucumberish",
        "repositoryURL": "https://github.com/Ahmed-Ali/Cucumberish",
        "state": {
          "branch": "develop",
          "revision": "10928101eb1884326b521de713542ddfa5fa47f6",
          "version": null
        }
      }
    ]
  },
  "version": 1
}
