{
  "object": {
    "pins": [
      {
        "package": "Alamofire",
        "repositoryURL": "https://github.com/Alamofire/Alamofire",
        "state": {
          "branch": "master",
          "revision": "6de3f6579bc04e0a769aa39993663e5a131d1c41",
          "version": null
        }
      }
    ]
  },
  "version": 1
}
