// !$*UTF8*$!
{
	archiveVersion = 1;
	classes = {
	};
	objectVersion = 55;
	objects = {

/* Begin PBXBuildFile section */
		851F925027CD752800CCC5DD /* Shared_Domain in Frameworks */ = {isa = PBXBuildFile; productRef = 851F924F27CD752800CCC5DD /* Shared_Domain */; };
		851F925227CD752E00CCC5DD /* Common in Frameworks */ = {isa = PBXBuildFile; productRef = 851F925127CD752E00CCC5DD /* Common */; };
		853EADBB279992ED00265B7E /* Assets.xcassets in Resources */ = {isa = PBXBuildFile; fileRef = 853EADBA279992ED00265B7E /* Assets.xcassets */; };
		853EADBE279992ED00265B7E /* Preview Assets.xcassets in Resources */ = {isa = PBXBuildFile; fileRef = 853EADBD279992ED00265B7E /* Preview Assets.xcassets */; };
		853EADD2279992ED00265B7E /* Dota_infoUITests.swift in Sources */ = {isa = PBXBuildFile; fileRef = 853EADD1279992ED00265B7E /* Dota_infoUITests.swift */; };
		853EADD4279992ED00265B7E /* Dota_infoUITestsLaunchTests.swift in Sources */ = {isa = PBXBuildFile; fileRef = 853EADD3279992ED00265B7E /* Dota_infoUITestsLaunchTests.swift */; };
		85435DED27CD0F3E00621380 /* Cucumberish in Frameworks */ = {isa = PBXBuildFile; productRef = 85435DEC27CD0F3E00621380 /* Cucumberish */; };
		85435DEF27CD0F4400621380 /* Cucumberish in Frameworks */ = {isa = PBXBuildFile; productRef = 85435DEE27CD0F4400621380 /* Cucumberish */; };
		85435DF527CD153500621380 /* FetchHeroesSteps.swift in Sources */ = {isa = PBXBuildFile; fileRef = 85435DF427CD153500621380 /* FetchHeroesSteps.swift */; };
		85435DF927CD286600621380 /* Features in Resources */ = {isa = PBXBuildFile; fileRef = 85435DF827CD286600621380 /* Features */; };
		85435DFD27CD28EE00621380 /* CucumberishInitializer.swift in Sources */ = {isa = PBXBuildFile; fileRef = 85435DFB27CD28EE00621380 /* CucumberishInitializer.swift */; };
		85435DFE27CD28EE00621380 /* CucumberishLoader.m in Sources */ = {isa = PBXBuildFile; fileRef = 85435DFA27CD28EE00621380 /* CucumberishLoader.m */; };
		854B332A27C9120A00F61095 /* HeroServiceKey.swift in Sources */ = {isa = PBXBuildFile; fileRef = BE6AA4650BCA41651A5DC842 /* HeroServiceKey.swift */; };
		854B332B27C9120A00F61095 /* GetHeroesKey.swift in Sources */ = {isa = PBXBuildFile; fileRef = BE6AADEE9E9257EA1CAFF351 /* GetHeroesKey.swift */; };
		854B332C27C9120A00F61095 /* HeroListViewModelKey.swift in Sources */ = {isa = PBXBuildFile; fileRef = BE6AA45590BF59C526577910 /* HeroListViewModelKey.swift */; };
		854B332D27C9120A00F61095 /* LoggerFactoryKey.swift in Sources */ = {isa = PBXBuildFile; fileRef = BE6AA7CC84FD1C3522C58A14 /* LoggerFactoryKey.swift */; };
		854B333227C9195D00F61095 /* RxBlocking in Frameworks */ = {isa = PBXBuildFile; productRef = 854B333127C9195D00F61095 /* RxBlocking */; };
		854B333427C9195D00F61095 /* RxSwift in Frameworks */ = {isa = PBXBuildFile; productRef = 854B333327C9195D00F61095 /* RxSwift */; };
		8564485027CD70D8005D8102 /* UICore in Frameworks */ = {isa = PBXBuildFile; productRef = 8564484F27CD70D8005D8102 /* UICore */; };
		85A90E4B27CD65C400FB8916 /* Hero_Presentation in Resources */ = {isa = PBXBuildFile; fileRef = 85A90E4827CD65C400FB8916 /* Hero_Presentation */; };
		85A90E4C27CD65C400FB8916 /* Hero_Domain in Resources */ = {isa = PBXBuildFile; fileRef = 85A90E4927CD65C400FB8916 /* Hero_Domain */; };
		85A90E4D27CD65C400FB8916 /* Hero_Data in Resources */ = {isa = PBXBuildFile; fileRef = 85A90E4A27CD65C400FB8916 /* Hero_Data */; };
		85A90E5327CD66D500FB8916 /* Hero_Presentation in Frameworks */ = {isa = PBXBuildFile; productRef = 85A90E5227CD66D500FB8916 /* Hero_Presentation */; };
		85F5A16A27CD2CCE004639E0 /* BaseSteps.swift in Sources */ = {isa = PBXBuildFile; fileRef = 85F5A16927CD2CCE004639E0 /* BaseSteps.swift */; };
		BE6AA2902690B6AB7E1406FF /* Dota_infoApp.swift in Sources */ = {isa = PBXBuildFile; fileRef = BE6AAA37E5F7375FA77064E3 /* Dota_infoApp.swift */; };
		BE6AADDFC93479F222CAD8EF /* README.md in Resources */ = {isa = PBXBuildFile; fileRef = BE6AA2968041C6B18F2E64F9 /* README.md */; };
/* End PBXBuildFile section */

/* Begin PBXContainerItemProxy section */
		853EADC4279992ED00265B7E /* PBXContainerItemProxy */ = {
			isa = PBXContainerItemProxy;
			containerPortal = 853EADAB279992EC00265B7E /* Project object */;
			proxyType = 1;
			remoteGlobalIDString = 853EADB2279992EC00265B7E;
			remoteInfo = "Dota-info";
		};
		853EADCE279992ED00265B7E /* PBXContainerItemProxy */ = {
			isa = PBXContainerItemProxy;
			containerPortal = 853EADAB279992EC00265B7E /* Project object */;
			proxyType = 1;
			remoteGlobalIDString = 853EADB2279992EC00265B7E;
			remoteInfo = "Dota-info";
		};
/* End PBXContainerItemProxy section */

/* Begin PBXFileReference section */
		851F924E27CD746C00CCC5DD /* Shared_Domain */ = {isa = PBXFileReference; lastKnownFileType = wrapper; path = Shared_Domain; sourceTree = "<group>"; };
		853EADB3279992EC00265B7E /* Dota-info.app */ = {isa = PBXFileReference; explicitFileType = wrapper.application; includeInIndex = 0; path = "Dota-info.app"; sourceTree = BUILT_PRODUCTS_DIR; };
		853EADBA279992ED00265B7E /* Assets.xcassets */ = {isa = PBXFileReference; lastKnownFileType = folder.assetcatalog; path = Assets.xcassets; sourceTree = "<group>"; };
		853EADBD279992ED00265B7E /* Preview Assets.xcassets */ = {isa = PBXFileReference; lastKnownFileType = folder.assetcatalog; path = "Preview Assets.xcassets"; sourceTree = "<group>"; };
		853EADC3279992ED00265B7E /* Dota-infoTests.xctest */ = {isa = PBXFileReference; explicitFileType = wrapper.cfbundle; includeInIndex = 0; path = "Dota-infoTests.xctest"; sourceTree = BUILT_PRODUCTS_DIR; };
		853EADCD279992ED00265B7E /* Dota-infoUITests.xctest */ = {isa = PBXFileReference; explicitFileType = wrapper.cfbundle; includeInIndex = 0; path = "Dota-infoUITests.xctest"; sourceTree = BUILT_PRODUCTS_DIR; };
		853EADD1279992ED00265B7E /* Dota_infoUITests.swift */ = {isa = PBXFileReference; lastKnownFileType = sourcecode.swift; path = Dota_infoUITests.swift; sourceTree = "<group>"; };
		853EADD3279992ED00265B7E /* Dota_infoUITestsLaunchTests.swift */ = {isa = PBXFileReference; lastKnownFileType = sourcecode.swift; path = Dota_infoUITestsLaunchTests.swift; sourceTree = "<group>"; };
		85435DF427CD153500621380 /* FetchHeroesSteps.swift */ = {isa = PBXFileReference; lastKnownFileType = sourcecode.swift; path = FetchHeroesSteps.swift; sourceTree = "<group>"; };
		85435DF827CD286600621380 /* Features */ = {isa = PBXFileReference; lastKnownFileType = folder; path = Features; sourceTree = "<group>"; };
		85435DFA27CD28EE00621380 /* CucumberishLoader.m */ = {isa = PBXFileReference; lastKnownFileType = sourcecode.c.objc; path = CucumberishLoader.m; sourceTree = "<group>"; };
		85435DFB27CD28EE00621380 /* CucumberishInitializer.swift */ = {isa = PBXFileReference; lastKnownFileType = sourcecode.swift; path = CucumberishInitializer.swift; sourceTree = "<group>"; };
		85435DFC27CD28EE00621380 /* Dota-infoTests-Bridging-Header.h */ = {isa = PBXFileReference; lastKnownFileType = sourcecode.c.h; path = "Dota-infoTests-Bridging-Header.h"; sourceTree = "<group>"; };
		8564484B27CD6F03005D8102 /* UICore */ = {isa = PBXFileReference; lastKnownFileType = wrapper; path = UICore; sourceTree = "<group>"; };
		85A90E4827CD65C400FB8916 /* Hero_Presentation */ = {isa = PBXFileReference; lastKnownFileType = wrapper; path = Hero_Presentation; sourceTree = "<group>"; };
		85A90E4927CD65C400FB8916 /* Hero_Domain */ = {isa = PBXFileReference; lastKnownFileType = wrapper; path = Hero_Domain; sourceTree = "<group>"; };
		85A90E4A27CD65C400FB8916 /* Hero_Data */ = {isa = PBXFileReference; lastKnownFileType = wrapper; path = Hero_Data; sourceTree = "<group>"; };
		85B98DBA27CD72F8005FB855 /* Common */ = {isa = PBXFileReference; lastKnownFileType = wrapper; path = Common; sourceTree = "<group>"; };
		85F5A16927CD2CCE004639E0 /* BaseSteps.swift */ = {isa = PBXFileReference; lastKnownFileType = sourcecode.swift; path = BaseSteps.swift; sourceTree = "<group>"; };
		BE6AA2968041C6B18F2E64F9 /* README.md */ = {isa = PBXFileReference; lastKnownFileType = file.me; path = README.md; sourceTree = "<group>"; };
		BE6AA45590BF59C526577910 /* HeroListViewModelKey.swift */ = {isa = PBXFileReference; fileEncoding = 4; lastKnownFileType = sourcecode.swift; path = HeroListViewModelKey.swift; sourceTree = "<group>"; };
		BE6AA4650BCA41651A5DC842 /* HeroServiceKey.swift */ = {isa = PBXFileReference; fileEncoding = 4; lastKnownFileType = sourcecode.swift; path = HeroServiceKey.swift; sourceTree = "<group>"; };
		BE6AA7CC84FD1C3522C58A14 /* LoggerFactoryKey.swift */ = {isa = PBXFileReference; fileEncoding = 4; lastKnownFileType = sourcecode.swift; path = LoggerFactoryKey.swift; sourceTree = "<group>"; };
		BE6AAA37E5F7375FA77064E3 /* Dota_infoApp.swift */ = {isa = PBXFileReference; fileEncoding = 4; lastKnownFileType = sourcecode.swift; path = Dota_infoApp.swift; sourceTree = "<group>"; };
		BE6AADEE9E9257EA1CAFF351 /* GetHeroesKey.swift */ = {isa = PBXFileReference; fileEncoding = 4; lastKnownFileType = sourcecode.swift; path = GetHeroesKey.swift; sourceTree = "<group>"; };
/* End PBXFileReference section */

/* Begin PBXFrameworksBuildPhase section */
		853EADB0279992EC00265B7E /* Frameworks */ = {
			isa = PBXFrameworksBuildPhase;
			buildActionMask = 2147483647;
			files = (
				85A90E5327CD66D500FB8916 /* Hero_Presentation in Frameworks */,
				8564485027CD70D8005D8102 /* UICore in Frameworks */,
				854B333227C9195D00F61095 /* RxBlocking in Frameworks */,
				854B333427C9195D00F61095 /* RxSwift in Frameworks */,
				851F925027CD752800CCC5DD /* Shared_Domain in Frameworks */,
				851F925227CD752E00CCC5DD /* Common in Frameworks */,
			);
			runOnlyForDeploymentPostprocessing = 0;
		};
		853EADC0279992ED00265B7E /* Frameworks */ = {
			isa = PBXFrameworksBuildPhase;
			buildActionMask = 2147483647;
			files = (
				85435DED27CD0F3E00621380 /* Cucumberish in Frameworks */,
			);
			runOnlyForDeploymentPostprocessing = 0;
		};
		853EADCA279992ED00265B7E /* Frameworks */ = {
			isa = PBXFrameworksBuildPhase;
			buildActionMask = 2147483647;
			files = (
				85435DEF27CD0F4400621380 /* Cucumberish in Frameworks */,
			);
			runOnlyForDeploymentPostprocessing = 0;
		};
/* End PBXFrameworksBuildPhase section */

/* Begin PBXGroup section */
		853EADAA279992EC00265B7E = {
			isa = PBXGroup;
			children = (
				85B98DB627CD712D005FB855 /* Packages */,
				85A90E4627CD65C400FB8916 /* Modules */,
				853EADB5279992EC00265B7E /* Dota-info */,
				853EADC6279992ED00265B7E /* Dota-infoTests */,
				853EADD0279992ED00265B7E /* Dota-infoUITests */,
				853EADB4279992EC00265B7E /* Products */,
				BE6AA2968041C6B18F2E64F9 /* README.md */,
				85435DEB27CD0F3E00621380 /* Frameworks */,
			);
			sourceTree = "<group>";
		};
		853EADB4279992EC00265B7E /* Products */ = {
			isa = PBXGroup;
			children = (
				853EADB3279992EC00265B7E /* Dota-info.app */,
				853EADC3279992ED00265B7E /* Dota-infoTests.xctest */,
				853EADCD279992ED00265B7E /* Dota-infoUITests.xctest */,
			);
			name = Products;
			sourceTree = "<group>";
		};
		853EADB5279992EC00265B7E /* Dota-info */ = {
			isa = PBXGroup;
			children = (
				853EADBA279992ED00265B7E /* Assets.xcassets */,
				853EADBC279992ED00265B7E /* Preview Content */,
				BE6AA26D6F1B482E141C7DFA /* presentation */,
				BE6AA399C03956C272CA4E96 /* di */,
			);
			path = "Dota-info";
			sourceTree = "<group>";
		};
		853EADBC279992ED00265B7E /* Preview Content */ = {
			isa = PBXGroup;
			children = (
				853EADBD279992ED00265B7E /* Preview Assets.xcassets */,
			);
			path = "Preview Content";
			sourceTree = "<group>";
		};
		853EADC6279992ED00265B7E /* Dota-infoTests */ = {
			isa = PBXGroup;
			children = (
				85435E0027CD2BDB00621380 /* CucumberishConfig */,
				85435DF827CD286600621380 /* Features */,
				854B332E27C9151D00F61095 /* DomainTests */,
			);
			path = "Dota-infoTests";
			sourceTree = "<group>";
		};
		853EADD0279992ED00265B7E /* Dota-infoUITests */ = {
			isa = PBXGroup;
			children = (
				853EADD1279992ED00265B7E /* Dota_infoUITests.swift */,
				853EADD3279992ED00265B7E /* Dota_infoUITestsLaunchTests.swift */,
			);
			path = "Dota-infoUITests";
			sourceTree = "<group>";
		};
		85435DEB27CD0F3E00621380 /* Frameworks */ = {
			isa = PBXGroup;
			children = (
			);
			name = Frameworks;
			sourceTree = "<group>";
		};
		85435E0027CD2BDB00621380 /* CucumberishConfig */ = {
			isa = PBXGroup;
			children = (
				85435DFB27CD28EE00621380 /* CucumberishInitializer.swift */,
				85435DFA27CD28EE00621380 /* CucumberishLoader.m */,
				85435DFC27CD28EE00621380 /* Dota-infoTests-Bridging-Header.h */,
			);
			path = CucumberishConfig;
			sourceTree = "<group>";
		};
		854B332E27C9151D00F61095 /* DomainTests */ = {
			isa = PBXGroup;
			children = (
				85F5A16827CD2CC0004639E0 /* Common */,
				854B332F27C9152200F61095 /* Hero */,
			);
			path = DomainTests;
			sourceTree = "<group>";
		};
		854B332F27C9152200F61095 /* Hero */ = {
			isa = PBXGroup;
			children = (
				85435DF427CD153500621380 /* FetchHeroesSteps.swift */,
			);
			path = Hero;
			sourceTree = "<group>";
		};
		85A90E4627CD65C400FB8916 /* Modules */ = {
			isa = PBXGroup;
			children = (
				85B98DB927CD72A3005FB855 /* Shared */,
				85A90E4727CD65C400FB8916 /* Hero */,
			);
			path = Modules;
			sourceTree = "<group>";
		};
		85A90E4727CD65C400FB8916 /* Hero */ = {
			isa = PBXGroup;
			children = (
				85A90E4827CD65C400FB8916 /* Hero_Presentation */,
				85A90E4927CD65C400FB8916 /* Hero_Domain */,
				85A90E4A27CD65C400FB8916 /* Hero_Data */,
			);
			path = Hero;
			sourceTree = "<group>";
		};
		85B98DB627CD712D005FB855 /* Packages */ = {
			isa = PBXGroup;
			children = (
			);
			name = Packages;
			sourceTree = "<group>";
		};
		85B98DB927CD72A3005FB855 /* Shared */ = {
			isa = PBXGroup;
			children = (
				851F924E27CD746C00CCC5DD /* Shared_Domain */,
				85B98DBA27CD72F8005FB855 /* Common */,
				8564484B27CD6F03005D8102 /* UICore */,
			);
			path = Shared;
			sourceTree = "<group>";
		};
		85F5A16827CD2CC0004639E0 /* Common */ = {
			isa = PBXGroup;
			children = (
				85F5A16927CD2CCE004639E0 /* BaseSteps.swift */,
			);
			path = Common;
			sourceTree = "<group>";
		};
		BE6AA26D6F1B482E141C7DFA /* presentation */ = {
			isa = PBXGroup;
			children = (
				BE6AAA37E5F7375FA77064E3 /* Dota_infoApp.swift */,
			);
			path = presentation;
			sourceTree = "<group>";
		};
		BE6AA399C03956C272CA4E96 /* di */ = {
			isa = PBXGroup;
			children = (
				BE6AA4650BCA41651A5DC842 /* HeroServiceKey.swift */,
				BE6AA7CC84FD1C3522C58A14 /* LoggerFactoryKey.swift */,
				BE6AADEE9E9257EA1CAFF351 /* GetHeroesKey.swift */,
				BE6AA45590BF59C526577910 /* HeroListViewModelKey.swift */,
			);
			path = di;
			sourceTree = "<group>";
		};
/* End PBXGroup section */

/* Begin PBXNativeTarget section */
		853EADB2279992EC00265B7E /* Dota-info */ = {
			isa = PBXNativeTarget;
			buildConfigurationList = 853EADD7279992ED00265B7E /* Build configuration list for PBXNativeTarget "Dota-info" */;
			buildPhases = (
				853EADAF279992EC00265B7E /* Sources */,
				853EADB0279992EC00265B7E /* Frameworks */,
				853EADB1279992EC00265B7E /* Resources */,
			);
			buildRules = (
			);
			dependencies = (
			);
			name = "Dota-info";
			packageProductDependencies = (
				854B333127C9195D00F61095 /* RxBlocking */,
				854B333327C9195D00F61095 /* RxSwift */,
				85A90E5227CD66D500FB8916 /* Hero_Presentation */,
				8564484F27CD70D8005D8102 /* UICore */,
				851F924F27CD752800CCC5DD /* Shared_Domain */,
				851F925127CD752E00CCC5DD /* Common */,
			);
			productName = "Dota-info";
			productReference = 853EADB3279992EC00265B7E /* Dota-info.app */;
			productType = "com.apple.product-type.application";
		};
		853EADC2279992ED00265B7E /* Dota-infoTests */ = {
			isa = PBXNativeTarget;
			buildConfigurationList = 853EADDA279992ED00265B7E /* Build configuration list for PBXNativeTarget "Dota-infoTests" */;
			buildPhases = (
				853EADBF279992ED00265B7E /* Sources */,
				853EADC0279992ED00265B7E /* Frameworks */,
				853EADC1279992ED00265B7E /* Resources */,
			);
			buildRules = (
			);
			dependencies = (
				853EADC5279992ED00265B7E /* PBXTargetDependency */,
			);
			name = "Dota-infoTests";
			packageProductDependencies = (
				85435DEC27CD0F3E00621380 /* Cucumberish */,
			);
			productName = "Dota-infoTests";
			productReference = 853EADC3279992ED00265B7E /* Dota-infoTests.xctest */;
			productType = "com.apple.product-type.bundle.unit-test";
		};
		853EADCC279992ED00265B7E /* Dota-infoUITests */ = {
			isa = PBXNativeTarget;
			buildConfigurationList = 853EADDD279992ED00265B7E /* Build configuration list for PBXNativeTarget "Dota-infoUITests" */;
			buildPhases = (
				853EADC9279992ED00265B7E /* Sources */,
				853EADCA279992ED00265B7E /* Frameworks */,
				853EADCB279992ED00265B7E /* Resources */,
			);
			buildRules = (
			);
			dependencies = (
				853EADCF279992ED00265B7E /* PBXTargetDependency */,
			);
			name = "Dota-infoUITests";
			packageProductDependencies = (
				85435DEE27CD0F4400621380 /* Cucumberish */,
			);
			productName = "Dota-infoUITests";
			productReference = 853EADCD279992ED00265B7E /* Dota-infoUITests.xctest */;
			productType = "com.apple.product-type.bundle.ui-testing";
		};
/* End PBXNativeTarget section */

/* Begin PBXProject section */
		853EADAB279992EC00265B7E /* Project object */ = {
			isa = PBXProject;
			attributes = {
				BuildIndependentTargetsInParallel = 1;
				LastSwiftUpdateCheck = 1310;
				LastUpgradeCheck = 1310;
				TargetAttributes = {
					853EADB2279992EC00265B7E = {
						CreatedOnToolsVersion = 13.1;
					};
					853EADC2279992ED00265B7E = {
						CreatedOnToolsVersion = 13.1;
						LastSwiftMigration = 1310;
						TestTargetID = 853EADB2279992EC00265B7E;
					};
					853EADCC279992ED00265B7E = {
						CreatedOnToolsVersion = 13.1;
						TestTargetID = 853EADB2279992EC00265B7E;
					};
				};
			};
			buildConfigurationList = 853EADAE279992EC00265B7E /* Build configuration list for PBXProject "Dota-info" */;
			compatibilityVersion = "Xcode 13.0";
			developmentRegion = en;
			hasScannedForEncodings = 0;
			knownRegions = (
				en,
				Base,
			);
			mainGroup = 853EADAA279992EC00265B7E;
			packageReferences = (
				854B333027C9195D00F61095 /* XCRemoteSwiftPackageReference "RxSwift" */,
				85435DE127CD088300621380 /* XCRemoteSwiftPackageReference "Cucumberish" */,
			);
			productRefGroup = 853EADB4279992EC00265B7E /* Products */;
			projectDirPath = "";
			projectRoot = "";
			targets = (
				853EADB2279992EC00265B7E /* Dota-info */,
				853EADC2279992ED00265B7E /* Dota-infoTests */,
				853EADCC279992ED00265B7E /* Dota-infoUITests */,
			);
		};
/* End PBXProject section */

/* Begin PBXResourcesBuildPhase section */
		853EADB1279992EC00265B7E /* Resources */ = {
			isa = PBXResourcesBuildPhase;
			buildActionMask = 2147483647;
			files = (
				85A90E4D27CD65C400FB8916 /* Hero_Data in Resources */,
				853EADBE279992ED00265B7E /* Preview Assets.xcassets in Resources */,
				853EADBB279992ED00265B7E /* Assets.xcassets in Resources */,
				85A90E4C27CD65C400FB8916 /* Hero_Domain in Resources */,
				85A90E4B27CD65C400FB8916 /* Hero_Presentation in Resources */,
				BE6AADDFC93479F222CAD8EF /* README.md in Resources */,
			);
			runOnlyForDeploymentPostprocessing = 0;
		};
		853EADC1279992ED00265B7E /* Resources */ = {
			isa = PBXResourcesBuildPhase;
			buildActionMask = 2147483647;
			files = (
				85435DF927CD286600621380 /* Features in Resources */,
			);
			runOnlyForDeploymentPostprocessing = 0;
		};
		853EADCB279992ED00265B7E /* Resources */ = {
			isa = PBXResourcesBuildPhase;
			buildActionMask = 2147483647;
			files = (
			);
			runOnlyForDeploymentPostprocessing = 0;
		};
/* End PBXResourcesBuildPhase section */

/* Begin PBXSourcesBuildPhase section */
		853EADAF279992EC00265B7E /* Sources */ = {
			isa = PBXSourcesBuildPhase;
			buildActionMask = 2147483647;
			files = (
				BE6AA2902690B6AB7E1406FF /* Dota_infoApp.swift in Sources */,
				854B332A27C9120A00F61095 /* HeroServiceKey.swift in Sources */,
				854B332C27C9120A00F61095 /* HeroListViewModelKey.swift in Sources */,
				854B332D27C9120A00F61095 /* LoggerFactoryKey.swift in Sources */,
				854B332B27C9120A00F61095 /* GetHeroesKey.swift in Sources */,
			);
			runOnlyForDeploymentPostprocessing = 0;
		};
		853EADBF279992ED00265B7E /* Sources */ = {
			isa = PBXSourcesBuildPhase;
			buildActionMask = 2147483647;
			files = (
				85435DFD27CD28EE00621380 /* CucumberishInitializer.swift in Sources */,
				85435DF527CD153500621380 /* FetchHeroesSteps.swift in Sources */,
				85435DFE27CD28EE00621380 /* CucumberishLoader.m in Sources */,
				85F5A16A27CD2CCE004639E0 /* BaseSteps.swift in Sources */,
			);
			runOnlyForDeploymentPostprocessing = 0;
		};
		853EADC9279992ED00265B7E /* Sources */ = {
			isa = PBXSourcesBuildPhase;
			buildActionMask = 2147483647;
			files = (
				853EADD4279992ED00265B7E /* Dota_infoUITestsLaunchTests.swift in Sources */,
				853EADD2279992ED00265B7E /* Dota_infoUITests.swift in Sources */,
			);
			runOnlyForDeploymentPostprocessing = 0;
		};
/* End PBXSourcesBuildPhase section */

/* Begin PBXTargetDependency section */
		853EADC5279992ED00265B7E /* PBXTargetDependency */ = {
			isa = PBXTargetDependency;
			target = 853EADB2279992EC00265B7E /* Dota-info */;
			targetProxy = 853EADC4279992ED00265B7E /* PBXContainerItemProxy */;
		};
		853EADCF279992ED00265B7E /* PBXTargetDependency */ = {
			isa = PBXTargetDependency;
			target = 853EADB2279992EC00265B7E /* Dota-info */;
			targetProxy = 853EADCE279992ED00265B7E /* PBXContainerItemProxy */;
		};
/* End PBXTargetDependency section */

/* Begin XCBuildConfiguration section */
		853EADD5279992ED00265B7E /* Debug */ = {
			isa = XCBuildConfiguration;
			buildSettings = {
				ALWAYS_SEARCH_USER_PATHS = NO;
				CLANG_ANALYZER_NONNULL = YES;
				CLANG_ANALYZER_NUMBER_OBJECT_CONVERSION = YES_AGGRESSIVE;
				CLANG_CXX_LANGUAGE_STANDARD = "gnu++17";
				CLANG_CXX_LIBRARY = "libc++";
				CLANG_ENABLE_MODULES = YES;
				CLANG_ENABLE_OBJC_ARC = YES;
				CLANG_ENABLE_OBJC_WEAK = YES;
				CLANG_WARN_BLOCK_CAPTURE_AUTORELEASING = YES;
				CLANG_WARN_BOOL_CONVERSION = YES;
				CLANG_WARN_COMMA = YES;
				CLANG_WARN_CONSTANT_CONVERSION = YES;
				CLANG_WARN_DEPRECATED_OBJC_IMPLEMENTATIONS = YES;
				CLANG_WARN_DIRECT_OBJC_ISA_USAGE = YES_ERROR;
				CLANG_WARN_DOCUMENTATION_COMMENTS = YES;
				CLANG_WARN_EMPTY_BODY = YES;
				CLANG_WARN_ENUM_CONVERSION = YES;
				CLANG_WARN_INFINITE_RECURSION = YES;
				CLANG_WARN_INT_CONVERSION = YES;
				CLANG_WARN_NON_LITERAL_NULL_CONVERSION = YES;
				CLANG_WARN_OBJC_IMPLICIT_RETAIN_SELF = YES;
				CLANG_WARN_OBJC_LITERAL_CONVERSION = YES;
				CLANG_WARN_OBJC_ROOT_CLASS = YES_ERROR;
				CLANG_WARN_QUOTED_INCLUDE_IN_FRAMEWORK_HEADER = YES;
				CLANG_WARN_RANGE_LOOP_ANALYSIS = YES;
				CLANG_WARN_STRICT_PROTOTYPES = YES;
				CLANG_WARN_SUSPICIOUS_MOVE = YES;
				CLANG_WARN_UNGUARDED_AVAILABILITY = YES_AGGRESSIVE;
				CLANG_WARN_UNREACHABLE_CODE = YES;
				CLANG_WARN__DUPLICATE_METHOD_MATCH = YES;
				COPY_PHASE_STRIP = NO;
				DEBUG_INFORMATION_FORMAT = dwarf;
				ENABLE_STRICT_OBJC_MSGSEND = YES;
				ENABLE_TESTABILITY = YES;
				GCC_C_LANGUAGE_STANDARD = gnu11;
				GCC_DYNAMIC_NO_PIC = NO;
				GCC_NO_COMMON_BLOCKS = YES;
				GCC_OPTIMIZATION_LEVEL = 0;
				GCC_PREPROCESSOR_DEFINITIONS = (
					"DEBUG=1",
					"$(inherited)",
				);
				GCC_WARN_64_TO_32_BIT_CONVERSION = YES;
				GCC_WARN_ABOUT_RETURN_TYPE = YES_ERROR;
				GCC_WARN_UNDECLARED_SELECTOR = YES;
				GCC_WARN_UNINITIALIZED_AUTOS = YES_AGGRESSIVE;
				GCC_WARN_UNUSED_FUNCTION = YES;
				GCC_WARN_UNUSED_VARIABLE = YES;
				IPHONEOS_DEPLOYMENT_TARGET = 15.0;
				MTL_ENABLE_DEBUG_INFO = INCLUDE_SOURCE;
				MTL_FAST_MATH = YES;
				ONLY_ACTIVE_ARCH = YES;
				SDKROOT = iphoneos;
				SWIFT_ACTIVE_COMPILATION_CONDITIONS = DEBUG;
				SWIFT_OPTIMIZATION_LEVEL = "-Onone";
				SWIFT_VERSION = "";
			};
			name = Debug;
		};
		853EADD6279992ED00265B7E /* Release */ = {
			isa = XCBuildConfiguration;
			buildSettings = {
				ALWAYS_SEARCH_USER_PATHS = NO;
				CLANG_ANALYZER_NONNULL = YES;
				CLANG_ANALYZER_NUMBER_OBJECT_CONVERSION = YES_AGGRESSIVE;
				CLANG_CXX_LANGUAGE_STANDARD = "gnu++17";
				CLANG_CXX_LIBRARY = "libc++";
				CLANG_ENABLE_MODULES = YES;
				CLANG_ENABLE_OBJC_ARC = YES;
				CLANG_ENABLE_OBJC_WEAK = YES;
				CLANG_WARN_BLOCK_CAPTURE_AUTORELEASING = YES;
				CLANG_WARN_BOOL_CONVERSION = YES;
				CLANG_WARN_COMMA = YES;
				CLANG_WARN_CONSTANT_CONVERSION = YES;
				CLANG_WARN_DEPRECATED_OBJC_IMPLEMENTATIONS = YES;
				CLANG_WARN_DIRECT_OBJC_ISA_USAGE = YES_ERROR;
				CLANG_WARN_DOCUMENTATION_COMMENTS = YES;
				CLANG_WARN_EMPTY_BODY = YES;
				CLANG_WARN_ENUM_CONVERSION = YES;
				CLANG_WARN_INFINITE_RECURSION = YES;
				CLANG_WARN_INT_CONVERSION = YES;
				CLANG_WARN_NON_LITERAL_NULL_CONVERSION = YES;
				CLANG_WARN_OBJC_IMPLICIT_RETAIN_SELF = YES;
				CLANG_WARN_OBJC_LITERAL_CONVERSION = YES;
				CLANG_WARN_OBJC_ROOT_CLASS = YES_ERROR;
				CLANG_WARN_QUOTED_INCLUDE_IN_FRAMEWORK_HEADER = YES;
				CLANG_WARN_RANGE_LOOP_ANALYSIS = YES;
				CLANG_WARN_STRICT_PROTOTYPES = YES;
				CLANG_WARN_SUSPICIOUS_MOVE = YES;
				CLANG_WARN_UNGUARDED_AVAILABILITY = YES_AGGRESSIVE;
				CLANG_WARN_UNREACHABLE_CODE = YES;
				CLANG_WARN__DUPLICATE_METHOD_MATCH = YES;
				COPY_PHASE_STRIP = NO;
				DEBUG_INFORMATION_FORMAT = "dwarf-with-dsym";
				ENABLE_NS_ASSERTIONS = NO;
				ENABLE_STRICT_OBJC_MSGSEND = YES;
				GCC_C_LANGUAGE_STANDARD = gnu11;
				GCC_NO_COMMON_BLOCKS = YES;
				GCC_WARN_64_TO_32_BIT_CONVERSION = YES;
				GCC_WARN_ABOUT_RETURN_TYPE = YES_ERROR;
				GCC_WARN_UNDECLARED_SELECTOR = YES;
				GCC_WARN_UNINITIALIZED_AUTOS = YES_AGGRESSIVE;
				GCC_WARN_UNUSED_FUNCTION = YES;
				GCC_WARN_UNUSED_VARIABLE = YES;
				IPHONEOS_DEPLOYMENT_TARGET = 15.0;
				MTL_ENABLE_DEBUG_INFO = NO;
				MTL_FAST_MATH = YES;
				SDKROOT = iphoneos;
				SWIFT_COMPILATION_MODE = wholemodule;
				SWIFT_OPTIMIZATION_LEVEL = "-O";
				SWIFT_VERSION = "";
				VALIDATE_PRODUCT = YES;
			};
			name = Release;
		};
		853EADD8279992ED00265B7E /* Debug */ = {
			isa = XCBuildConfiguration;
			buildSettings = {
				ASSETCATALOG_COMPILER_APPICON_NAME = AppIcon;
				ASSETCATALOG_COMPILER_GLOBAL_ACCENT_COLOR_NAME = AccentColor;
				CODE_SIGN_STYLE = Automatic;
				CURRENT_PROJECT_VERSION = 1;
				DEVELOPMENT_ASSET_PATHS = "\"Dota-info/Preview Content\"";
				ENABLE_PREVIEWS = YES;
				ENABLE_TESTING_SEARCH_PATHS = NO;
				GENERATE_INFOPLIST_FILE = YES;
				INFOPLIST_KEY_UIApplicationSceneManifest_Generation = YES;
				INFOPLIST_KEY_UIApplicationSupportsIndirectInputEvents = YES;
				INFOPLIST_KEY_UILaunchScreen_Generation = YES;
				INFOPLIST_KEY_UISupportedInterfaceOrientations_iPad = "UIInterfaceOrientationPortrait UIInterfaceOrientationPortraitUpsideDown UIInterfaceOrientationLandscapeLeft UIInterfaceOrientationLandscapeRight";
				INFOPLIST_KEY_UISupportedInterfaceOrientations_iPhone = "UIInterfaceOrientationPortrait UIInterfaceOrientationLandscapeLeft UIInterfaceOrientationLandscapeRight";
				LD_RUNPATH_SEARCH_PATHS = (
					"$(inherited)",
					"@executable_path/Frameworks",
				);
				MARKETING_VERSION = 1.0;
				PRODUCT_BUNDLE_IDENTIFIER = "com.brunohams.Dota-info";
				PRODUCT_NAME = "$(TARGET_NAME)";
				SWIFT_EMIT_LOC_STRINGS = YES;
				SWIFT_VERSION = 5.0;
				TARGETED_DEVICE_FAMILY = "1,2";
			};
			name = Debug;
		};
		853EADD9279992ED00265B7E /* Release */ = {
			isa = XCBuildConfiguration;
			buildSettings = {
				ASSETCATALOG_COMPILER_APPICON_NAME = AppIcon;
				ASSETCATALOG_COMPILER_GLOBAL_ACCENT_COLOR_NAME = AccentColor;
				CODE_SIGN_STYLE = Automatic;
				CURRENT_PROJECT_VERSION = 1;
				DEVELOPMENT_ASSET_PATHS = "\"Dota-info/Preview Content\"";
				ENABLE_PREVIEWS = YES;
				ENABLE_TESTING_SEARCH_PATHS = NO;
				GENERATE_INFOPLIST_FILE = YES;
				INFOPLIST_KEY_UIApplicationSceneManifest_Generation = YES;
				INFOPLIST_KEY_UIApplicationSupportsIndirectInputEvents = YES;
				INFOPLIST_KEY_UILaunchScreen_Generation = YES;
				INFOPLIST_KEY_UISupportedInterfaceOrientations_iPad = "UIInterfaceOrientationPortrait UIInterfaceOrientationPortraitUpsideDown UIInterfaceOrientationLandscapeLeft UIInterfaceOrientationLandscapeRight";
				INFOPLIST_KEY_UISupportedInterfaceOrientations_iPhone = "UIInterfaceOrientationPortrait UIInterfaceOrientationLandscapeLeft UIInterfaceOrientationLandscapeRight";
				LD_RUNPATH_SEARCH_PATHS = (
					"$(inherited)",
					"@executable_path/Frameworks",
				);
				MARKETING_VERSION = 1.0;
				PRODUCT_BUNDLE_IDENTIFIER = "com.brunohams.Dota-info";
				PRODUCT_NAME = "$(TARGET_NAME)";
				SWIFT_EMIT_LOC_STRINGS = YES;
				SWIFT_VERSION = 5.0;
				TARGETED_DEVICE_FAMILY = "1,2";
			};
			name = Release;
		};
		853EADDB279992ED00265B7E /* Debug */ = {
			isa = XCBuildConfiguration;
			buildSettings = {
				ALWAYS_EMBED_SWIFT_STANDARD_LIBRARIES = YES;
				BUNDLE_LOADER = "$(TEST_HOST)";
				CLANG_ENABLE_MODULES = YES;
				CODE_SIGN_IDENTITY = "Apple Development";
				"CODE_SIGN_IDENTITY[sdk=macosx*]" = "Apple Development";
				CODE_SIGN_STYLE = Automatic;
				CURRENT_PROJECT_VERSION = 1;
				DEFINES_MODULE = YES;
				DEVELOPMENT_TEAM = "";
				GENERATE_INFOPLIST_FILE = YES;
				IPHONEOS_DEPLOYMENT_TARGET = 15.0;
				LD_RUNPATH_SEARCH_PATHS = (
					"$(inherited)",
					"@executable_path/Frameworks",
					"@loader_path/Frameworks",
				);
				MARKETING_VERSION = 1.0;
				PRODUCT_BUNDLE_IDENTIFIER = "com.brunohams.Dota-infoTests";
				PRODUCT_NAME = "$(TARGET_NAME)";
				PROVISIONING_PROFILE_SPECIFIER = "";
				"PROVISIONING_PROFILE_SPECIFIER[sdk=macosx*]" = "";
				SWIFT_EMIT_LOC_STRINGS = NO;
				SWIFT_OBJC_BRIDGING_HEADER = "Dota-infoTests/CucumberishConfig/Dota-infoTests-Bridging-Header.h";
				SWIFT_OPTIMIZATION_LEVEL = "-Onone";
				SWIFT_VERSION = 5.0;
				TARGETED_DEVICE_FAMILY = "1,2";
				TEST_HOST = "$(BUILT_PRODUCTS_DIR)/Dota-info.app/Dota-info";
			};
			name = Debug;
		};
		853EADDC279992ED00265B7E /* Release */ = {
			isa = XCBuildConfiguration;
			buildSettings = {
				ALWAYS_EMBED_SWIFT_STANDARD_LIBRARIES = YES;
				BUNDLE_LOADER = "$(TEST_HOST)";
				CLANG_ENABLE_MODULES = YES;
				CODE_SIGN_IDENTITY = "Apple Development";
				"CODE_SIGN_IDENTITY[sdk=macosx*]" = "Apple Development";
				CODE_SIGN_STYLE = Automatic;
				CURRENT_PROJECT_VERSION = 1;
				DEFINES_MODULE = YES;
				DEVELOPMENT_TEAM = "";
				GENERATE_INFOPLIST_FILE = YES;
				IPHONEOS_DEPLOYMENT_TARGET = 15.0;
				LD_RUNPATH_SEARCH_PATHS = (
					"$(inherited)",
					"@executable_path/Frameworks",
					"@loader_path/Frameworks",
				);
				MARKETING_VERSION = 1.0;
				PRODUCT_BUNDLE_IDENTIFIER = "com.brunohams.Dota-infoTests";
				PRODUCT_NAME = "$(TARGET_NAME)";
				PROVISIONING_PROFILE_SPECIFIER = "";
				"PROVISIONING_PROFILE_SPECIFIER[sdk=macosx*]" = "";
				SWIFT_EMIT_LOC_STRINGS = NO;
				SWIFT_OBJC_BRIDGING_HEADER = "Dota-infoTests/CucumberishConfig/Dota-infoTests-Bridging-Header.h";
				SWIFT_VERSION = 5.0;
				TARGETED_DEVICE_FAMILY = "1,2";
				TEST_HOST = "$(BUILT_PRODUCTS_DIR)/Dota-info.app/Dota-info";
			};
			name = Release;
		};
		853EADDE279992ED00265B7E /* Debug */ = {
			isa = XCBuildConfiguration;
			buildSettings = {
				ALWAYS_EMBED_SWIFT_STANDARD_LIBRARIES = YES;
				CODE_SIGN_STYLE = Automatic;
				CURRENT_PROJECT_VERSION = 1;
				DEFINES_MODULE = YES;
				GENERATE_INFOPLIST_FILE = YES;
				LD_RUNPATH_SEARCH_PATHS = (
					"$(inherited)",
					"@executable_path/Frameworks",
					"@loader_path/Frameworks",
				);
				MARKETING_VERSION = 1.0;
				PRODUCT_BUNDLE_IDENTIFIER = "com.brunohams.Dota-infoUITests";
				PRODUCT_NAME = "$(TARGET_NAME)";
				SWIFT_EMIT_LOC_STRINGS = NO;
				SWIFT_VERSION = 5.0;
				TARGETED_DEVICE_FAMILY = "1,2";
				TEST_TARGET_NAME = "Dota-info";
			};
			name = Debug;
		};
		853EADDF279992ED00265B7E /* Release */ = {
			isa = XCBuildConfiguration;
			buildSettings = {
				ALWAYS_EMBED_SWIFT_STANDARD_LIBRARIES = YES;
				CODE_SIGN_STYLE = Automatic;
				CURRENT_PROJECT_VERSION = 1;
				DEFINES_MODULE = YES;
				GENERATE_INFOPLIST_FILE = YES;
				LD_RUNPATH_SEARCH_PATHS = (
					"$(inherited)",
					"@executable_path/Frameworks",
					"@loader_path/Frameworks",
				);
				MARKETING_VERSION = 1.0;
				PRODUCT_BUNDLE_IDENTIFIER = "com.brunohams.Dota-infoUITests";
				PRODUCT_NAME = "$(TARGET_NAME)";
				SWIFT_EMIT_LOC_STRINGS = NO;
				SWIFT_VERSION = 5.0;
				TARGETED_DEVICE_FAMILY = "1,2";
				TEST_TARGET_NAME = "Dota-info";
			};
			name = Release;
		};
/* End XCBuildConfiguration section */

/* Begin XCConfigurationList section */
		853EADAE279992EC00265B7E /* Build configuration list for PBXProject "Dota-info" */ = {
			isa = XCConfigurationList;
			buildConfigurations = (
				853EADD5279992ED00265B7E /* Debug */,
				853EADD6279992ED00265B7E /* Release */,
			);
			defaultConfigurationIsVisible = 0;
			defaultConfigurationName = Release;
		};
		853EADD7279992ED00265B7E /* Build configuration list for PBXNativeTarget "Dota-info" */ = {
			isa = XCConfigurationList;
			buildConfigurations = (
				853EADD8279992ED00265B7E /* Debug */,
				853EADD9279992ED00265B7E /* Release */,
			);
			defaultConfigurationIsVisible = 0;
			defaultConfigurationName = Release;
		};
		853EADDA279992ED00265B7E /* Build configuration list for PBXNativeTarget "Dota-infoTests" */ = {
			isa = XCConfigurationList;
			buildConfigurations = (
				853EADDB279992ED00265B7E /* Debug */,
				853EADDC279992ED00265B7E /* Release */,
			);
			defaultConfigurationIsVisible = 0;
			defaultConfigurationName = Release;
		};
		853EADDD279992ED00265B7E /* Build configuration list for PBXNativeTarget "Dota-infoUITests" */ = {
			isa = XCConfigurationList;
			buildConfigurations = (
				853EADDE279992ED00265B7E /* Debug */,
				853EADDF279992ED00265B7E /* Release */,
			);
			defaultConfigurationIsVisible = 0;
			defaultConfigurationName = Release;
		};
/* End XCConfigurationList section */

/* Begin XCRemoteSwiftPackageReference section */
		85435DE127CD088300621380 /* XCRemoteSwiftPackageReference "Cucumberish" */ = {
			isa = XCRemoteSwiftPackageReference;
			repositoryURL = "https://github.com/Ahmed-Ali/Cucumberish.git";
			requirement = {
				branch = develop;
				kind = branch;
			};
		};
		854B333027C9195D00F61095 /* XCRemoteSwiftPackageReference "RxSwift" */ = {
			isa = XCRemoteSwiftPackageReference;
			repositoryURL = "https://github.com/ReactiveX/RxSwift.git";
			requirement = {
				branch = main;
				kind = branch;
			};
		};
/* End XCRemoteSwiftPackageReference section */

/* Begin XCSwiftPackageProductDependency section */
		851F924F27CD752800CCC5DD /* Shared_Domain */ = {
			isa = XCSwiftPackageProductDependency;
			productName = Shared_Domain;
		};
		851F925127CD752E00CCC5DD /* Common */ = {
			isa = XCSwiftPackageProductDependency;
			productName = Common;
		};
		85435DEC27CD0F3E00621380 /* Cucumberish */ = {
			isa = XCSwiftPackageProductDependency;
			package = 85435DE127CD088300621380 /* XCRemoteSwiftPackageReference "Cucumberish" */;
			productName = Cucumberish;
		};
		85435DEE27CD0F4400621380 /* Cucumberish */ = {
			isa = XCSwiftPackageProductDependency;
			package = 85435DE127CD088300621380 /* XCRemoteSwiftPackageReference "Cucumberish" */;
			productName = Cucumberish;
		};
		854B333127C9195D00F61095 /* RxBlocking */ = {
			isa = XCSwiftPackageProductDependency;
			package = 854B333027C9195D00F61095 /* XCRemoteSwiftPackageReference "RxSwift" */;
			productName = RxBlocking;
		};
		854B333327C9195D00F61095 /* RxSwift */ = {
			isa = XCSwiftPackageProductDependency;
			package = 854B333027C9195D00F61095 /* XCRemoteSwiftPackageReference "RxSwift" */;
			productName = RxSwift;
		};
		8564484F27CD70D8005D8102 /* UICore */ = {
			isa = XCSwiftPackageProductDependency;
			productName = UICore;
		};
		85A90E5227CD66D500FB8916 /* Hero_Presentation */ = {
			isa = XCSwiftPackageProductDependency;
			productName = Hero_Presentation;
		};
/* End XCSwiftPackageProductDependency section */
	};
	rootObject = 853EADAB279992EC00265B7E /* Project object */;
}
