// !$*UTF8*$!
{
	archiveVersion = 1;
	classes = {
	};
	objectVersion = 55;
	objects = {

/* Begin PBXBuildFile section */
		853EADBB279992ED00265B7E /* Assets.xcassets in Resources */ = {isa = PBXBuildFile; fileRef = 853EADBA279992ED00265B7E /* Assets.xcassets */; };
		853EADBE279992ED00265B7E /* Preview Assets.xcassets in Resources */ = {isa = PBXBuildFile; fileRef = 853EADBD279992ED00265B7E /* Preview Assets.xcassets */; };
		853EADD2279992ED00265B7E /* Dota_infoUITests.swift in Sources */ = {isa = PBXBuildFile; fileRef = 853EADD1279992ED00265B7E /* Dota_infoUITests.swift */; };
		853EADD4279992ED00265B7E /* Dota_infoUITestsLaunchTests.swift in Sources */ = {isa = PBXBuildFile; fileRef = 853EADD3279992ED00265B7E /* Dota_infoUITestsLaunchTests.swift */; };
		8D8D64859220815F4A455226 /* Pods_Dota_info.framework in Frameworks */ = {isa = PBXBuildFile; fileRef = 22D698E23B3C78B49735B56C /* Pods_Dota_info.framework */; };
		A807DD430D64773432A7680A /* Pods_Dota_info_Dota_infoUITests.framework in Frameworks */ = {isa = PBXBuildFile; fileRef = 74CA7FFE959F9E41B98DE84D /* Pods_Dota_info_Dota_infoUITests.framework */; };
		BE6AA00312D2A86443671525 /* LoggerFirebaseFactory.swift in Sources */ = {isa = PBXBuildFile; fileRef = BE6AA81C6E823ED870A6B3E4 /* LoggerFirebaseFactory.swift */; };
		BE6AA041EBC191E4C7F8479F /* ProgressState.swift in Sources */ = {isa = PBXBuildFile; fileRef = BE6AA338F8A4A22FCA8C96B7 /* ProgressState.swift */; };
		BE6AA0550B284F3CB9462745 /* Logger.swift in Sources */ = {isa = PBXBuildFile; fileRef = BE6AA380813131D4EF7C4044 /* Logger.swift */; };
		BE6AA0704C3161BD1B1E6010 /* HeroAttackType.swift in Sources */ = {isa = PBXBuildFile; fileRef = BE6AA09B3E78E5B3AB905AFC /* HeroAttackType.swift */; };
		BE6AA09F080E260E05544A1B /* UIComponent.swift in Sources */ = {isa = PBXBuildFile; fileRef = BE6AAF4C490A90A425D02ED4 /* UIComponent.swift */; };
		BE6AA0B0BEA5AB39F4315447 /* HeroService.swift in Sources */ = {isa = PBXBuildFile; fileRef = BE6AA8AC44CBAB4D6945CED4 /* HeroService.swift */; };
		BE6AA0E8A3CB6AB6C20417B0 /* LoggerFactory.swift in Sources */ = {isa = PBXBuildFile; fileRef = BE6AA611D6729B60FF4FB7B8 /* LoggerFactory.swift */; };
		BE6AA1339AEDA067B8C484E3 /* HeroDto.swift in Sources */ = {isa = PBXBuildFile; fileRef = BE6AA3BF87EE44580A9C3FD4 /* HeroDto.swift */; };
		BE6AA185FA22D2118E643AEA /* LoggerFirebase.swift in Sources */ = {isa = PBXBuildFile; fileRef = BE6AA6A74F27C0E2DF12DAD2 /* LoggerFirebase.swift */; };
		BE6AA1A3E191FC6DBD40914E /* HeroAttribute.swift in Sources */ = {isa = PBXBuildFile; fileRef = BE6AA7B4D7637B5CC4A07C01 /* HeroAttribute.swift */; };
		BE6AA26B5196051CF50F842F /* GetHeroesTests.swift in Sources */ = {isa = PBXBuildFile; fileRef = BE6AAA0F69D125FC5EBD0E01 /* GetHeroesTests.swift */; };
		BE6AA2902690B6AB7E1406FF /* Dota_infoApp.swift in Sources */ = {isa = PBXBuildFile; fileRef = BE6AAA37E5F7375FA77064E3 /* Dota_infoApp.swift */; };
		BE6AA3DC3FD1C316B38F0A6D /* HeroServiceFake.swift in Sources */ = {isa = PBXBuildFile; fileRef = BE6AAE1E50149B5D2E9BCD33 /* HeroServiceFake.swift */; };
		BE6AA3E3F639E6999E5298EC /* HeroListState.swift in Sources */ = {isa = PBXBuildFile; fileRef = BE6AAE3C85CEDB31F3B79D76 /* HeroListState.swift */; };
		BE6AA40E82839F5D3259895E /* DataState.swift in Sources */ = {isa = PBXBuildFile; fileRef = BE6AA2360A517CC858FFDCE8 /* DataState.swift */; };
		BE6AA52A5A95343C24605F57 /* HeroDataEmpty.swift in Sources */ = {isa = PBXBuildFile; fileRef = BE6AAB639EAC79AB2A7E85AA /* HeroDataEmpty.swift */; };
		BE6AA5A786C4F13590275867 /* Hero.swift in Sources */ = {isa = PBXBuildFile; fileRef = BE6AAA68A7FB41B92037E06B /* Hero.swift */; };
		BE6AA5CEEAF5A355EEE32149 /* HeroRow.swift in Sources */ = {isa = PBXBuildFile; fileRef = BE6AA39F45515A8EFBD77F64 /* HeroRow.swift */; };
		BE6AA5EC76300E7DEB5F8D79 /* HeroDataValid.swift in Sources */ = {isa = PBXBuildFile; fileRef = BE6AA5FBABDCEC0DB5EAB03A /* HeroDataValid.swift */; };
		BE6AA64E6421D1443AFC871F /* HeroAttackType.swift in Sources */ = {isa = PBXBuildFile; fileRef = BE6AA09B3E78E5B3AB905AFC /* HeroAttackType.swift */; };
		BE6AA66961C7996E6EAA4610 /* LoggerFirebaseFactory.swift in Sources */ = {isa = PBXBuildFile; fileRef = BE6AA81C6E823ED870A6B3E4 /* LoggerFirebaseFactory.swift */; };
		BE6AA68C7CF6A8D2BAA2669E /* LoggerFactory.swift in Sources */ = {isa = PBXBuildFile; fileRef = BE6AA611D6729B60FF4FB7B8 /* LoggerFactory.swift */; };
		BE6AA6D95EF2160014B942DA /* DataState.swift in Sources */ = {isa = PBXBuildFile; fileRef = BE6AA2360A517CC858FFDCE8 /* DataState.swift */; };
		BE6AA6ED464EA82FD90F2A3A /* HeroRole.swift in Sources */ = {isa = PBXBuildFile; fileRef = BE6AA7B9A07CAD9A67084616 /* HeroRole.swift */; };
		BE6AA70E036FBC712384DA8D /* HeroDataValid.swift in Sources */ = {isa = PBXBuildFile; fileRef = BE6AA5FBABDCEC0DB5EAB03A /* HeroDataValid.swift */; };
		BE6AA710B688CFDF930BE7D8 /* HeroListView.swift in Sources */ = {isa = PBXBuildFile; fileRef = BE6AAE170743D99019238163 /* HeroListView.swift */; };
		BE6AA7136197175C4B19F1C7 /* HeroListViewModel.swift in Sources */ = {isa = PBXBuildFile; fileRef = BE6AA5F314E1BC0473CEABBA /* HeroListViewModel.swift */; };
		BE6AA71B5EB100B8D3780FC2 /* Logger.swift in Sources */ = {isa = PBXBuildFile; fileRef = BE6AA380813131D4EF7C4044 /* Logger.swift */; };
		BE6AA7644184845A8B8B5C5F /* HeroDto.swift in Sources */ = {isa = PBXBuildFile; fileRef = BE6AA3BF87EE44580A9C3FD4 /* HeroDto.swift */; };
		BE6AA7AC911A1A14D6F1950B /* LoggerDebug.swift in Sources */ = {isa = PBXBuildFile; fileRef = BE6AA5C7379294F3EA459B7A /* LoggerDebug.swift */; };
		BE6AA7E1A33598DC9E323CCA /* Logger.swift in Sources */ = {isa = PBXBuildFile; fileRef = BE6AA380813131D4EF7C4044 /* Logger.swift */; };
		BE6AA7FAFA339ADB8F124D13 /* LoggerDebug.swift in Sources */ = {isa = PBXBuildFile; fileRef = BE6AA5C7379294F3EA459B7A /* LoggerDebug.swift */; };
		BE6AA88A9694CBE5AAFABD44 /* LoggerDebugFactory.swift in Sources */ = {isa = PBXBuildFile; fileRef = BE6AAE086B820163AFE71A33 /* LoggerDebugFactory.swift */; };
		BE6AA8A08CFC8A39BB51636F /* ProgressState.swift in Sources */ = {isa = PBXBuildFile; fileRef = BE6AA338F8A4A22FCA8C96B7 /* ProgressState.swift */; };
		BE6AA8B944CCEAE9C30897D9 /* HeroServiceImpl.swift in Sources */ = {isa = PBXBuildFile; fileRef = BE6AA2551C15B4C4B84FD898 /* HeroServiceImpl.swift */; };
		BE6AA8BAA6BC87F1CC759D73 /* LoggerFactory.swift in Sources */ = {isa = PBXBuildFile; fileRef = BE6AA611D6729B60FF4FB7B8 /* LoggerFactory.swift */; };
		BE6AA8C406C2CB09C265CF99 /* HeroServiceFake.swift in Sources */ = {isa = PBXBuildFile; fileRef = BE6AAE1E50149B5D2E9BCD33 /* HeroServiceFake.swift */; };
		BE6AA8CE6F98E3A8312C6545 /* HeroDataMalformed.swift in Sources */ = {isa = PBXBuildFile; fileRef = BE6AA9E2BC6B1A1F74525B5D /* HeroDataMalformed.swift */; };
		BE6AA8E2067371EE0F3861B1 /* Hero.swift in Sources */ = {isa = PBXBuildFile; fileRef = BE6AAA68A7FB41B92037E06B /* Hero.swift */; };
		BE6AA96329EBA3D643DC7675 /* LoggerFirebase.swift in Sources */ = {isa = PBXBuildFile; fileRef = BE6AA6A74F27C0E2DF12DAD2 /* LoggerFirebase.swift */; };
		BE6AAA44EC36A4DA038BCD72 /* GetHeroes.swift in Sources */ = {isa = PBXBuildFile; fileRef = BE6AA567E4140471F33A496B /* GetHeroes.swift */; };
		BE6AAAAE9C6364E70DDBEE5F /* HeroDataMalformed.swift in Sources */ = {isa = PBXBuildFile; fileRef = BE6AA9E2BC6B1A1F74525B5D /* HeroDataMalformed.swift */; };
		BE6AAAB5E4756F17A652A6C1 /* Endpoints.swift in Sources */ = {isa = PBXBuildFile; fileRef = BE6AA0CFF0B232CB2413D8F0 /* Endpoints.swift */; };
		BE6AAB52C8C552A6956419EC /* HeroServiceImpl.swift in Sources */ = {isa = PBXBuildFile; fileRef = BE6AA2551C15B4C4B84FD898 /* HeroServiceImpl.swift */; };
		BE6AABA52EB97A9488829F3E /* ActivityIndicator.swift in Sources */ = {isa = PBXBuildFile; fileRef = BE6AA0B3EAAF3687DAE714E8 /* ActivityIndicator.swift */; };
		BE6AAC2720B279385372C8EB /* HeroServiceResponseType.swift in Sources */ = {isa = PBXBuildFile; fileRef = BE6AA3ACD03724B4F7E0813B /* HeroServiceResponseType.swift */; };
		BE6AAD3714BA4061EE431878 /* LoggerFirebaseFactory.swift in Sources */ = {isa = PBXBuildFile; fileRef = BE6AA81C6E823ED870A6B3E4 /* LoggerFirebaseFactory.swift */; };
		BE6AADD40F7E4FB880C7D3FC /* Endpoints.swift in Sources */ = {isa = PBXBuildFile; fileRef = BE6AA0CFF0B232CB2413D8F0 /* Endpoints.swift */; };
		BE6AADDFC93479F222CAD8EF /* README.md in Resources */ = {isa = PBXBuildFile; fileRef = BE6AA2968041C6B18F2E64F9 /* README.md */; };
		BE6AADE349FB39E9FA0187E9 /* HeroService.swift in Sources */ = {isa = PBXBuildFile; fileRef = BE6AA8AC44CBAB4D6945CED4 /* HeroService.swift */; };
		BE6AADE48FF56324212572F6 /* HeroDataEmpty.swift in Sources */ = {isa = PBXBuildFile; fileRef = BE6AAB639EAC79AB2A7E85AA /* HeroDataEmpty.swift */; };
		BE6AAE295AF422CC4A7BDB0D /* HeroRole.swift in Sources */ = {isa = PBXBuildFile; fileRef = BE6AA7B9A07CAD9A67084616 /* HeroRole.swift */; };
		BE6AAE44E067D44E0C797EC1 /* LoggerDebugFactory.swift in Sources */ = {isa = PBXBuildFile; fileRef = BE6AAE086B820163AFE71A33 /* LoggerDebugFactory.swift */; };
		BE6AAE6DDF1A3CD24CA8FA5B /* UIComponent.swift in Sources */ = {isa = PBXBuildFile; fileRef = BE6AAF4C490A90A425D02ED4 /* UIComponent.swift */; };
		BE6AAEC938FC91B3C54399C9 /* LoggerFirebase.swift in Sources */ = {isa = PBXBuildFile; fileRef = BE6AA6A74F27C0E2DF12DAD2 /* LoggerFirebase.swift */; };
		BE6AAEDA8B82D0D1385E68BB /* LoggerDebugFactory.swift in Sources */ = {isa = PBXBuildFile; fileRef = BE6AAE086B820163AFE71A33 /* LoggerDebugFactory.swift */; };
		BE6AAEE711EC81F3570E9273 /* HeroAttribute.swift in Sources */ = {isa = PBXBuildFile; fileRef = BE6AA7B4D7637B5CC4A07C01 /* HeroAttribute.swift */; };
		BE6AAF802A63DB5760BB2766 /* GetHeroes.swift in Sources */ = {isa = PBXBuildFile; fileRef = BE6AA567E4140471F33A496B /* GetHeroes.swift */; };
		BE6AAFA5E6634BC3DE11205E /* LoggerDebug.swift in Sources */ = {isa = PBXBuildFile; fileRef = BE6AA5C7379294F3EA459B7A /* LoggerDebug.swift */; };
		BE6AAFB068247C1BD7353EAC /* HeroServiceResponseType.swift in Sources */ = {isa = PBXBuildFile; fileRef = BE6AA3ACD03724B4F7E0813B /* HeroServiceResponseType.swift */; };
		C7C0DAD02FFFD98817A5D88A /* Pods_Dota_infoTests.framework in Frameworks */ = {isa = PBXBuildFile; fileRef = 46970F3FA83628F8DE72A823 /* Pods_Dota_infoTests.framework */; };
/* End PBXBuildFile section */

/* Begin PBXContainerItemProxy section */
		853EADC4279992ED00265B7E /* PBXContainerItemProxy */ = {
			isa = PBXContainerItemProxy;
			containerPortal = 853EADAB279992EC00265B7E /* Project object */;
			proxyType = 1;
			remoteGlobalIDString = 853EADB2279992EC00265B7E;
			remoteInfo = "Dota-info";
		};
		853EADCE279992ED00265B7E /* PBXContainerItemProxy */ = {
			isa = PBXContainerItemProxy;
			containerPortal = 853EADAB279992EC00265B7E /* Project object */;
			proxyType = 1;
			remoteGlobalIDString = 853EADB2279992EC00265B7E;
			remoteInfo = "Dota-info";
		};
/* End PBXContainerItemProxy section */

/* Begin PBXFileReference section */
		02148A805CA46D093FD4D859 /* Pods-Dota-infoTests.debug.xcconfig */ = {isa = PBXFileReference; includeInIndex = 1; lastKnownFileType = text.xcconfig; name = "Pods-Dota-infoTests.debug.xcconfig"; path = "Target Support Files/Pods-Dota-infoTests/Pods-Dota-infoTests.debug.xcconfig"; sourceTree = "<group>"; };
		0F63551EDF398F0BE94345D2 /* Pods-Dota-info-Dota-infoUITests.debug.xcconfig */ = {isa = PBXFileReference; includeInIndex = 1; lastKnownFileType = text.xcconfig; name = "Pods-Dota-info-Dota-infoUITests.debug.xcconfig"; path = "Target Support Files/Pods-Dota-info-Dota-infoUITests/Pods-Dota-info-Dota-infoUITests.debug.xcconfig"; sourceTree = "<group>"; };
		22D698E23B3C78B49735B56C /* Pods_Dota_info.framework */ = {isa = PBXFileReference; explicitFileType = wrapper.framework; includeInIndex = 0; path = Pods_Dota_info.framework; sourceTree = BUILT_PRODUCTS_DIR; };
		46970F3FA83628F8DE72A823 /* Pods_Dota_infoTests.framework */ = {isa = PBXFileReference; explicitFileType = wrapper.framework; includeInIndex = 0; path = Pods_Dota_infoTests.framework; sourceTree = BUILT_PRODUCTS_DIR; };
		607D143431807673A3F9AF70 /* Pods-Dota-info.release.xcconfig */ = {isa = PBXFileReference; includeInIndex = 1; lastKnownFileType = text.xcconfig; name = "Pods-Dota-info.release.xcconfig"; path = "Target Support Files/Pods-Dota-info/Pods-Dota-info.release.xcconfig"; sourceTree = "<group>"; };
		74CA7FFE959F9E41B98DE84D /* Pods_Dota_info_Dota_infoUITests.framework */ = {isa = PBXFileReference; explicitFileType = wrapper.framework; includeInIndex = 0; path = Pods_Dota_info_Dota_infoUITests.framework; sourceTree = BUILT_PRODUCTS_DIR; };
		853EADB3279992EC00265B7E /* Dota-info.app */ = {isa = PBXFileReference; explicitFileType = wrapper.application; includeInIndex = 0; path = "Dota-info.app"; sourceTree = BUILT_PRODUCTS_DIR; };
		853EADBA279992ED00265B7E /* Assets.xcassets */ = {isa = PBXFileReference; lastKnownFileType = folder.assetcatalog; path = Assets.xcassets; sourceTree = "<group>"; };
		853EADBD279992ED00265B7E /* Preview Assets.xcassets */ = {isa = PBXFileReference; lastKnownFileType = folder.assetcatalog; path = "Preview Assets.xcassets"; sourceTree = "<group>"; };
		853EADC3279992ED00265B7E /* Dota-infoTests.xctest */ = {isa = PBXFileReference; explicitFileType = wrapper.cfbundle; includeInIndex = 0; path = "Dota-infoTests.xctest"; sourceTree = BUILT_PRODUCTS_DIR; };
		853EADCD279992ED00265B7E /* Dota-infoUITests.xctest */ = {isa = PBXFileReference; explicitFileType = wrapper.cfbundle; includeInIndex = 0; path = "Dota-infoUITests.xctest"; sourceTree = BUILT_PRODUCTS_DIR; };
		853EADD1279992ED00265B7E /* Dota_infoUITests.swift */ = {isa = PBXFileReference; lastKnownFileType = sourcecode.swift; path = Dota_infoUITests.swift; sourceTree = "<group>"; };
		853EADD3279992ED00265B7E /* Dota_infoUITestsLaunchTests.swift */ = {isa = PBXFileReference; lastKnownFileType = sourcecode.swift; path = Dota_infoUITestsLaunchTests.swift; sourceTree = "<group>"; };
		BE6AA09B3E78E5B3AB905AFC /* HeroAttackType.swift */ = {isa = PBXFileReference; fileEncoding = 4; lastKnownFileType = sourcecode.swift; path = HeroAttackType.swift; sourceTree = "<group>"; };
		BE6AA0B3EAAF3687DAE714E8 /* ActivityIndicator.swift */ = {isa = PBXFileReference; fileEncoding = 4; lastKnownFileType = sourcecode.swift; path = ActivityIndicator.swift; sourceTree = "<group>"; };
		BE6AA0CFF0B232CB2413D8F0 /* Endpoints.swift */ = {isa = PBXFileReference; fileEncoding = 4; lastKnownFileType = sourcecode.swift; path = Endpoints.swift; sourceTree = "<group>"; };
		BE6AA2360A517CC858FFDCE8 /* DataState.swift */ = {isa = PBXFileReference; fileEncoding = 4; lastKnownFileType = sourcecode.swift; path = DataState.swift; sourceTree = "<group>"; };
		BE6AA2551C15B4C4B84FD898 /* HeroServiceImpl.swift */ = {isa = PBXFileReference; fileEncoding = 4; lastKnownFileType = sourcecode.swift; path = HeroServiceImpl.swift; sourceTree = "<group>"; };
		BE6AA2968041C6B18F2E64F9 /* README.md */ = {isa = PBXFileReference; lastKnownFileType = file.me; path = README.md; sourceTree = "<group>"; };
		BE6AA338F8A4A22FCA8C96B7 /* ProgressState.swift */ = {isa = PBXFileReference; fileEncoding = 4; lastKnownFileType = sourcecode.swift; path = ProgressState.swift; sourceTree = "<group>"; };
		BE6AA380813131D4EF7C4044 /* Logger.swift */ = {isa = PBXFileReference; fileEncoding = 4; lastKnownFileType = sourcecode.swift; path = Logger.swift; sourceTree = "<group>"; };
		BE6AA39F45515A8EFBD77F64 /* HeroRow.swift */ = {isa = PBXFileReference; fileEncoding = 4; lastKnownFileType = sourcecode.swift; path = HeroRow.swift; sourceTree = "<group>"; };
		BE6AA3ACD03724B4F7E0813B /* HeroServiceResponseType.swift */ = {isa = PBXFileReference; fileEncoding = 4; lastKnownFileType = sourcecode.swift; path = HeroServiceResponseType.swift; sourceTree = "<group>"; };
		BE6AA3BF87EE44580A9C3FD4 /* HeroDto.swift */ = {isa = PBXFileReference; fileEncoding = 4; lastKnownFileType = sourcecode.swift; path = HeroDto.swift; sourceTree = "<group>"; };
		BE6AA567E4140471F33A496B /* GetHeroes.swift */ = {isa = PBXFileReference; fileEncoding = 4; lastKnownFileType = sourcecode.swift; path = GetHeroes.swift; sourceTree = "<group>"; };
		BE6AA5C7379294F3EA459B7A /* LoggerDebug.swift */ = {isa = PBXFileReference; fileEncoding = 4; lastKnownFileType = sourcecode.swift; path = LoggerDebug.swift; sourceTree = "<group>"; };
		BE6AA5F314E1BC0473CEABBA /* HeroListViewModel.swift */ = {isa = PBXFileReference; fileEncoding = 4; lastKnownFileType = sourcecode.swift; path = HeroListViewModel.swift; sourceTree = "<group>"; };
		BE6AA5FBABDCEC0DB5EAB03A /* HeroDataValid.swift */ = {isa = PBXFileReference; fileEncoding = 4; lastKnownFileType = sourcecode.swift; path = HeroDataValid.swift; sourceTree = "<group>"; };
		BE6AA611D6729B60FF4FB7B8 /* LoggerFactory.swift */ = {isa = PBXFileReference; fileEncoding = 4; lastKnownFileType = sourcecode.swift; path = LoggerFactory.swift; sourceTree = "<group>"; };
		BE6AA6A74F27C0E2DF12DAD2 /* LoggerFirebase.swift */ = {isa = PBXFileReference; fileEncoding = 4; lastKnownFileType = sourcecode.swift; path = LoggerFirebase.swift; sourceTree = "<group>"; };
		BE6AA7B4D7637B5CC4A07C01 /* HeroAttribute.swift */ = {isa = PBXFileReference; fileEncoding = 4; lastKnownFileType = sourcecode.swift; path = HeroAttribute.swift; sourceTree = "<group>"; };
		BE6AA7B9A07CAD9A67084616 /* HeroRole.swift */ = {isa = PBXFileReference; fileEncoding = 4; lastKnownFileType = sourcecode.swift; path = HeroRole.swift; sourceTree = "<group>"; };
		BE6AA81C6E823ED870A6B3E4 /* LoggerFirebaseFactory.swift */ = {isa = PBXFileReference; fileEncoding = 4; lastKnownFileType = sourcecode.swift; path = LoggerFirebaseFactory.swift; sourceTree = "<group>"; };
		BE6AA8AC44CBAB4D6945CED4 /* HeroService.swift */ = {isa = PBXFileReference; fileEncoding = 4; lastKnownFileType = sourcecode.swift; path = HeroService.swift; sourceTree = "<group>"; };
		BE6AA9E2BC6B1A1F74525B5D /* HeroDataMalformed.swift */ = {isa = PBXFileReference; fileEncoding = 4; lastKnownFileType = sourcecode.swift; path = HeroDataMalformed.swift; sourceTree = "<group>"; };
		BE6AAA0F69D125FC5EBD0E01 /* GetHeroesTests.swift */ = {isa = PBXFileReference; fileEncoding = 4; lastKnownFileType = sourcecode.swift; path = GetHeroesTests.swift; sourceTree = "<group>"; };
		BE6AAA37E5F7375FA77064E3 /* Dota_infoApp.swift */ = {isa = PBXFileReference; fileEncoding = 4; lastKnownFileType = sourcecode.swift; path = Dota_infoApp.swift; sourceTree = "<group>"; };
		BE6AAA68A7FB41B92037E06B /* Hero.swift */ = {isa = PBXFileReference; fileEncoding = 4; lastKnownFileType = sourcecode.swift; path = Hero.swift; sourceTree = "<group>"; };
		BE6AAB639EAC79AB2A7E85AA /* HeroDataEmpty.swift */ = {isa = PBXFileReference; fileEncoding = 4; lastKnownFileType = sourcecode.swift; path = HeroDataEmpty.swift; sourceTree = "<group>"; };
		BE6AAE086B820163AFE71A33 /* LoggerDebugFactory.swift */ = {isa = PBXFileReference; fileEncoding = 4; lastKnownFileType = sourcecode.swift; path = LoggerDebugFactory.swift; sourceTree = "<group>"; };
		BE6AAE170743D99019238163 /* HeroListView.swift */ = {isa = PBXFileReference; fileEncoding = 4; lastKnownFileType = sourcecode.swift; path = HeroListView.swift; sourceTree = "<group>"; };
		BE6AAE1E50149B5D2E9BCD33 /* HeroServiceFake.swift */ = {isa = PBXFileReference; fileEncoding = 4; lastKnownFileType = sourcecode.swift; path = HeroServiceFake.swift; sourceTree = "<group>"; };
		BE6AAE3C85CEDB31F3B79D76 /* HeroListState.swift */ = {isa = PBXFileReference; fileEncoding = 4; lastKnownFileType = sourcecode.swift; path = HeroListState.swift; sourceTree = "<group>"; };
		BE6AAF4C490A90A425D02ED4 /* UIComponent.swift */ = {isa = PBXFileReference; fileEncoding = 4; lastKnownFileType = sourcecode.swift; path = UIComponent.swift; sourceTree = "<group>"; };
		CDB0C2B423A56944C3D49AB8 /* Pods-Dota-infoTests.release.xcconfig */ = {isa = PBXFileReference; includeInIndex = 1; lastKnownFileType = text.xcconfig; name = "Pods-Dota-infoTests.release.xcconfig"; path = "Target Support Files/Pods-Dota-infoTests/Pods-Dota-infoTests.release.xcconfig"; sourceTree = "<group>"; };
		F0A9A2A17BC87F372D123226 /* Pods-Dota-info-Dota-infoUITests.release.xcconfig */ = {isa = PBXFileReference; includeInIndex = 1; lastKnownFileType = text.xcconfig; name = "Pods-Dota-info-Dota-infoUITests.release.xcconfig"; path = "Target Support Files/Pods-Dota-info-Dota-infoUITests/Pods-Dota-info-Dota-infoUITests.release.xcconfig"; sourceTree = "<group>"; };
		FD9D9423703B34CB93740E4F /* Pods-Dota-info.debug.xcconfig */ = {isa = PBXFileReference; includeInIndex = 1; lastKnownFileType = text.xcconfig; name = "Pods-Dota-info.debug.xcconfig"; path = "Target Support Files/Pods-Dota-info/Pods-Dota-info.debug.xcconfig"; sourceTree = "<group>"; };
/* End PBXFileReference section */

/* Begin PBXFrameworksBuildPhase section */
		853EADB0279992EC00265B7E /* Frameworks */ = {
			isa = PBXFrameworksBuildPhase;
			buildActionMask = 2147483647;
			files = (
				8D8D64859220815F4A455226 /* Pods_Dota_info.framework in Frameworks */,
			);
			runOnlyForDeploymentPostprocessing = 0;
		};
		853EADC0279992ED00265B7E /* Frameworks */ = {
			isa = PBXFrameworksBuildPhase;
			buildActionMask = 2147483647;
			files = (
				C7C0DAD02FFFD98817A5D88A /* Pods_Dota_infoTests.framework in Frameworks */,
			);
			runOnlyForDeploymentPostprocessing = 0;
		};
		853EADCA279992ED00265B7E /* Frameworks */ = {
			isa = PBXFrameworksBuildPhase;
			buildActionMask = 2147483647;
			files = (
				A807DD430D64773432A7680A /* Pods_Dota_info_Dota_infoUITests.framework in Frameworks */,
			);
			runOnlyForDeploymentPostprocessing = 0;
		};
/* End PBXFrameworksBuildPhase section */

/* Begin PBXGroup section */
		117E021F31500B352F9DEC23 /* Pods */ = {
			isa = PBXGroup;
			children = (
				FD9D9423703B34CB93740E4F /* Pods-Dota-info.debug.xcconfig */,
				607D143431807673A3F9AF70 /* Pods-Dota-info.release.xcconfig */,
				0F63551EDF398F0BE94345D2 /* Pods-Dota-info-Dota-infoUITests.debug.xcconfig */,
				F0A9A2A17BC87F372D123226 /* Pods-Dota-info-Dota-infoUITests.release.xcconfig */,
				02148A805CA46D093FD4D859 /* Pods-Dota-infoTests.debug.xcconfig */,
				CDB0C2B423A56944C3D49AB8 /* Pods-Dota-infoTests.release.xcconfig */,
			);
			path = Pods;
			sourceTree = "<group>";
		};
		753D39E0E44DF4EE0C123FD9 /* Frameworks */ = {
			isa = PBXGroup;
			children = (
				22D698E23B3C78B49735B56C /* Pods_Dota_info.framework */,
				74CA7FFE959F9E41B98DE84D /* Pods_Dota_info_Dota_infoUITests.framework */,
				46970F3FA83628F8DE72A823 /* Pods_Dota_infoTests.framework */,
			);
			name = Frameworks;
			sourceTree = "<group>";
		};
		853EADAA279992EC00265B7E = {
			isa = PBXGroup;
			children = (
				853EADB5279992EC00265B7E /* Dota-info */,
				853EADC6279992ED00265B7E /* Dota-infoTests */,
				853EADD0279992ED00265B7E /* Dota-infoUITests */,
				853EADB4279992EC00265B7E /* Products */,
				BE6AA2968041C6B18F2E64F9 /* README.md */,
				117E021F31500B352F9DEC23 /* Pods */,
				753D39E0E44DF4EE0C123FD9 /* Frameworks */,
			);
			sourceTree = "<group>";
		};
		853EADB4279992EC00265B7E /* Products */ = {
			isa = PBXGroup;
			children = (
				853EADB3279992EC00265B7E /* Dota-info.app */,
				853EADC3279992ED00265B7E /* Dota-infoTests.xctest */,
				853EADCD279992ED00265B7E /* Dota-infoUITests.xctest */,
			);
			name = Products;
			sourceTree = "<group>";
		};
		853EADB5279992EC00265B7E /* Dota-info */ = {
			isa = PBXGroup;
			children = (
				853EADBA279992ED00265B7E /* Assets.xcassets */,
				853EADBC279992ED00265B7E /* Preview Content */,
				BE6AA6B06513612C071EFE29 /* domain */,
				BE6AAB4D4802C792A68DAC78 /* interactors */,
				BE6AABD9CC21D5EFC0EED094 /* datasource */,
				BE6AA26D6F1B482E141C7DFA /* presentation */,
				BE6AA047A02E3EA9F8DC7D3D /* core */,
				BE6AAB6B227DBDFA020A8433 /* datasource-test */,
			);
			path = "Dota-info";
			sourceTree = "<group>";
		};
		853EADBC279992ED00265B7E /* Preview Content */ = {
			isa = PBXGroup;
			children = (
				853EADBD279992ED00265B7E /* Preview Assets.xcassets */,
			);
			path = "Preview Content";
			sourceTree = "<group>";
		};
		853EADC6279992ED00265B7E /* Dota-infoTests */ = {
			isa = PBXGroup;
			children = (
				BE6AA91968580BD13EED3341 /* hero */,
			);
			path = "Dota-infoTests";
			sourceTree = "<group>";
		};
		853EADD0279992ED00265B7E /* Dota-infoUITests */ = {
			isa = PBXGroup;
			children = (
				853EADD1279992ED00265B7E /* Dota_infoUITests.swift */,
				853EADD3279992ED00265B7E /* Dota_infoUITestsLaunchTests.swift */,
			);
			path = "Dota-infoUITests";
			sourceTree = "<group>";
		};
		BE6AA047A02E3EA9F8DC7D3D /* core */ = {
			isa = PBXGroup;
			children = (
				BE6AA7BDAC840FE837F5444B /* util */,
				BE6AAA5A53785D89E9173C3C /* domain */,
			);
			path = core;
			sourceTree = "<group>";
		};
		BE6AA12A5AFA3CAADB0E4911 /* interactors */ = {
			isa = PBXGroup;
			children = (
				BE6AAA0F69D125FC5EBD0E01 /* GetHeroesTests.swift */,
			);
			path = interactors;
			sourceTree = "<group>";
		};
		BE6AA26D6F1B482E141C7DFA /* presentation */ = {
			isa = PBXGroup;
			children = (
				BE6AAA37E5F7375FA77064E3 /* Dota_infoApp.swift */,
				BE6AA703D6423782A1C0F0ED /* hero */,
				BE6AA5C4F7E3C3CEF2BCE649 /* components */,
			);
			path = presentation;
			sourceTree = "<group>";
		};
		BE6AA5C4F7E3C3CEF2BCE649 /* components */ = {
			isa = PBXGroup;
			children = (
				BE6AA0B3EAAF3687DAE714E8 /* ActivityIndicator.swift */,
			);
			path = components;
			sourceTree = "<group>";
		};
		BE6AA65C6950A9BEA44F8862 /* data */ = {
			isa = PBXGroup;
			children = (
				BE6AAB639EAC79AB2A7E85AA /* HeroDataEmpty.swift */,
				BE6AA5FBABDCEC0DB5EAB03A /* HeroDataValid.swift */,
				BE6AA9E2BC6B1A1F74525B5D /* HeroDataMalformed.swift */,
			);
			path = data;
			sourceTree = "<group>";
		};
		BE6AA6B06513612C071EFE29 /* domain */ = {
			isa = PBXGroup;
			children = (
				BE6AAA68A7FB41B92037E06B /* Hero.swift */,
				BE6AA7B4D7637B5CC4A07C01 /* HeroAttribute.swift */,
				BE6AA09B3E78E5B3AB905AFC /* HeroAttackType.swift */,
				BE6AA7B9A07CAD9A67084616 /* HeroRole.swift */,
			);
			path = domain;
			sourceTree = "<group>";
		};
		BE6AA703D6423782A1C0F0ED /* hero */ = {
			isa = PBXGroup;
			children = (
				BE6AAE170743D99019238163 /* HeroListView.swift */,
				BE6AAE3C85CEDB31F3B79D76 /* HeroListState.swift */,
				BE6AA5F314E1BC0473CEABBA /* HeroListViewModel.swift */,
				BE6AA39F45515A8EFBD77F64 /* HeroRow.swift */,
			);
			path = hero;
			sourceTree = "<group>";
		};
		BE6AA78A5A8EC3CDC594F36A /* factory */ = {
			isa = PBXGroup;
			children = (
				BE6AA81C6E823ED870A6B3E4 /* LoggerFirebaseFactory.swift */,
				BE6AA611D6729B60FF4FB7B8 /* LoggerFactory.swift */,
				BE6AAE086B820163AFE71A33 /* LoggerDebugFactory.swift */,
			);
			path = factory;
			sourceTree = "<group>";
		};
		BE6AA7BDAC840FE837F5444B /* util */ = {
			isa = PBXGroup;
			children = (
				BE6AA82A4D1FF3700108646E /* logger */,
			);
			path = util;
			sourceTree = "<group>";
		};
		BE6AA82A4D1FF3700108646E /* logger */ = {
			isa = PBXGroup;
			children = (
				BE6AA6A74F27C0E2DF12DAD2 /* LoggerFirebase.swift */,
				BE6AA5C7379294F3EA459B7A /* LoggerDebug.swift */,
				BE6AA380813131D4EF7C4044 /* Logger.swift */,
				BE6AA78A5A8EC3CDC594F36A /* factory */,
			);
			path = logger;
			sourceTree = "<group>";
		};
		BE6AA91968580BD13EED3341 /* hero */ = {
			isa = PBXGroup;
			children = (
				BE6AA12A5AFA3CAADB0E4911 /* interactors */,
			);
			path = hero;
			sourceTree = "<group>";
		};
		BE6AA9A0EF48772E2D0CC39B /* hero */ = {
			isa = PBXGroup;
			children = (
				BE6AA8AC44CBAB4D6945CED4 /* HeroService.swift */,
				BE6AA3BF87EE44580A9C3FD4 /* HeroDto.swift */,
				BE6AA2551C15B4C4B84FD898 /* HeroServiceImpl.swift */,
				BE6AA0CFF0B232CB2413D8F0 /* Endpoints.swift */,
			);
			path = hero;
			sourceTree = "<group>";
		};
		BE6AAA5A53785D89E9173C3C /* domain */ = {
			isa = PBXGroup;
			children = (
				BE6AA2360A517CC858FFDCE8 /* DataState.swift */,
				BE6AAF4C490A90A425D02ED4 /* UIComponent.swift */,
				BE6AA338F8A4A22FCA8C96B7 /* ProgressState.swift */,
			);
			path = domain;
			sourceTree = "<group>";
		};
		BE6AAAAE650D6D773C3AC92B /* network */ = {
			isa = PBXGroup;
			children = (
				BE6AA9A0EF48772E2D0CC39B /* hero */,
				BE6AACDE91682890EADB0195 /* util */,
			);
			path = network;
			sourceTree = "<group>";
		};
		BE6AAB4D4802C792A68DAC78 /* interactors */ = {
			isa = PBXGroup;
			children = (
				BE6AA567E4140471F33A496B /* GetHeroes.swift */,
			);
			path = interactors;
			sourceTree = "<group>";
		};
		BE6AAB6B227DBDFA020A8433 /* datasource-test */ = {
			isa = PBXGroup;
			children = (
				BE6AAC66B4A55E8B3D213D7E /* network */,
			);
			path = "datasource-test";
			sourceTree = "<group>";
		};
		BE6AABD9CC21D5EFC0EED094 /* datasource */ = {
			isa = PBXGroup;
			children = (
				BE6AAAAE650D6D773C3AC92B /* network */,
			);
			path = datasource;
			sourceTree = "<group>";
		};
		BE6AAC66B4A55E8B3D213D7E /* network */ = {
			isa = PBXGroup;
			children = (
				BE6AA65C6950A9BEA44F8862 /* data */,
				BE6AAE1E50149B5D2E9BCD33 /* HeroServiceFake.swift */,
				BE6AA3ACD03724B4F7E0813B /* HeroServiceResponseType.swift */,
			);
			path = network;
			sourceTree = "<group>";
		};
		BE6AACDE91682890EADB0195 /* util */ = {
			isa = PBXGroup;
			children = (
			);
			path = util;
			sourceTree = "<group>";
		};
/* End PBXGroup section */

/* Begin PBXNativeTarget section */
		853EADB2279992EC00265B7E /* Dota-info */ = {
			isa = PBXNativeTarget;
			buildConfigurationList = 853EADD7279992ED00265B7E /* Build configuration list for PBXNativeTarget "Dota-info" */;
			buildPhases = (
				520D0D82E85D9F9DA8B42904 /* [CP] Check Pods Manifest.lock */,
				853EADAF279992EC00265B7E /* Sources */,
				853EADB0279992EC00265B7E /* Frameworks */,
				853EADB1279992EC00265B7E /* Resources */,
				C11BEEF5F2BC023625F430F6 /* [CP] Embed Pods Frameworks */,
			);
			buildRules = (
			);
			dependencies = (
			);
			name = "Dota-info";
			productName = "Dota-info";
			productReference = 853EADB3279992EC00265B7E /* Dota-info.app */;
			productType = "com.apple.product-type.application";
		};
		853EADC2279992ED00265B7E /* Dota-infoTests */ = {
			isa = PBXNativeTarget;
			buildConfigurationList = 853EADDA279992ED00265B7E /* Build configuration list for PBXNativeTarget "Dota-infoTests" */;
			buildPhases = (
				E062A0DDCF230F14D2C711A0 /* [CP] Check Pods Manifest.lock */,
				853EADBF279992ED00265B7E /* Sources */,
				853EADC0279992ED00265B7E /* Frameworks */,
				853EADC1279992ED00265B7E /* Resources */,
				6ACD8D554C772CDAAF6E4080 /* [CP] Embed Pods Frameworks */,
			);
			buildRules = (
			);
			dependencies = (
				853EADC5279992ED00265B7E /* PBXTargetDependency */,
			);
			name = "Dota-infoTests";
			productName = "Dota-infoTests";
			productReference = 853EADC3279992ED00265B7E /* Dota-infoTests.xctest */;
			productType = "com.apple.product-type.bundle.unit-test";
		};
		853EADCC279992ED00265B7E /* Dota-infoUITests */ = {
			isa = PBXNativeTarget;
			buildConfigurationList = 853EADDD279992ED00265B7E /* Build configuration list for PBXNativeTarget "Dota-infoUITests" */;
			buildPhases = (
				74F7D3B801B2E2A529E7A91D /* [CP] Check Pods Manifest.lock */,
				853EADC9279992ED00265B7E /* Sources */,
				853EADCA279992ED00265B7E /* Frameworks */,
				853EADCB279992ED00265B7E /* Resources */,
				55774B7DE8D4F2C2A4F1E562 /* [CP] Embed Pods Frameworks */,
			);
			buildRules = (
			);
			dependencies = (
				853EADCF279992ED00265B7E /* PBXTargetDependency */,
			);
			name = "Dota-infoUITests";
			productName = "Dota-infoUITests";
			productReference = 853EADCD279992ED00265B7E /* Dota-infoUITests.xctest */;
			productType = "com.apple.product-type.bundle.ui-testing";
		};
/* End PBXNativeTarget section */

/* Begin PBXProject section */
		853EADAB279992EC00265B7E /* Project object */ = {
			isa = PBXProject;
			attributes = {
				BuildIndependentTargetsInParallel = 1;
				LastSwiftUpdateCheck = 1310;
				LastUpgradeCheck = 1310;
				TargetAttributes = {
					853EADB2279992EC00265B7E = {
						CreatedOnToolsVersion = 13.1;
					};
					853EADC2279992ED00265B7E = {
						CreatedOnToolsVersion = 13.1;
					};
					853EADCC279992ED00265B7E = {
						CreatedOnToolsVersion = 13.1;
						TestTargetID = 853EADB2279992EC00265B7E;
					};
				};
			};
			buildConfigurationList = 853EADAE279992EC00265B7E /* Build configuration list for PBXProject "Dota-info" */;
			compatibilityVersion = "Xcode 13.0";
			developmentRegion = en;
			hasScannedForEncodings = 0;
			knownRegions = (
				en,
				Base,
			);
			mainGroup = 853EADAA279992EC00265B7E;
			productRefGroup = 853EADB4279992EC00265B7E /* Products */;
			projectDirPath = "";
			projectRoot = "";
			targets = (
				853EADB2279992EC00265B7E /* Dota-info */,
				853EADC2279992ED00265B7E /* Dota-infoTests */,
				853EADCC279992ED00265B7E /* Dota-infoUITests */,
			);
		};
/* End PBXProject section */

/* Begin PBXResourcesBuildPhase section */
		853EADB1279992EC00265B7E /* Resources */ = {
			isa = PBXResourcesBuildPhase;
			buildActionMask = 2147483647;
			files = (
				853EADBE279992ED00265B7E /* Preview Assets.xcassets in Resources */,
				853EADBB279992ED00265B7E /* Assets.xcassets in Resources */,
				BE6AADDFC93479F222CAD8EF /* README.md in Resources */,
			);
			runOnlyForDeploymentPostprocessing = 0;
		};
		853EADC1279992ED00265B7E /* Resources */ = {
			isa = PBXResourcesBuildPhase;
			buildActionMask = 2147483647;
			files = (
			);
			runOnlyForDeploymentPostprocessing = 0;
		};
		853EADCB279992ED00265B7E /* Resources */ = {
			isa = PBXResourcesBuildPhase;
			buildActionMask = 2147483647;
			files = (
			);
			runOnlyForDeploymentPostprocessing = 0;
		};
/* End PBXResourcesBuildPhase section */

/* Begin PBXShellScriptBuildPhase section */
		520D0D82E85D9F9DA8B42904 /* [CP] Check Pods Manifest.lock */ = {
			isa = PBXShellScriptBuildPhase;
			buildActionMask = 2147483647;
			files = (
			);
			inputFileListPaths = (
			);
			inputPaths = (
				"${PODS_PODFILE_DIR_PATH}/Podfile.lock",
				"${PODS_ROOT}/Manifest.lock",
			);
			name = "[CP] Check Pods Manifest.lock";
			outputFileListPaths = (
			);
			outputPaths = (
				"$(DERIVED_FILE_DIR)/Pods-Dota-info-checkManifestLockResult.txt",
			);
			runOnlyForDeploymentPostprocessing = 0;
			shellPath = /bin/sh;
			shellScript = "diff \"${PODS_PODFILE_DIR_PATH}/Podfile.lock\" \"${PODS_ROOT}/Manifest.lock\" > /dev/null\nif [ $? != 0 ] ; then\n    # print error to STDERR\n    echo \"error: The sandbox is not in sync with the Podfile.lock. Run 'pod install' or update your CocoaPods installation.\" >&2\n    exit 1\nfi\n# This output is used by Xcode 'outputs' to avoid re-running this script phase.\necho \"SUCCESS\" > \"${SCRIPT_OUTPUT_FILE_0}\"\n";
			showEnvVarsInLog = 0;
		};
		55774B7DE8D4F2C2A4F1E562 /* [CP] Embed Pods Frameworks */ = {
			isa = PBXShellScriptBuildPhase;
			buildActionMask = 2147483647;
			files = (
			);
			inputFileListPaths = (
				"${PODS_ROOT}/Target Support Files/Pods-Dota-info-Dota-infoUITests/Pods-Dota-info-Dota-infoUITests-frameworks-${CONFIGURATION}-input-files.xcfilelist",
			);
			name = "[CP] Embed Pods Frameworks";
			outputFileListPaths = (
				"${PODS_ROOT}/Target Support Files/Pods-Dota-info-Dota-infoUITests/Pods-Dota-info-Dota-infoUITests-frameworks-${CONFIGURATION}-output-files.xcfilelist",
			);
			runOnlyForDeploymentPostprocessing = 0;
			shellPath = /bin/sh;
			shellScript = "\"${PODS_ROOT}/Target Support Files/Pods-Dota-info-Dota-infoUITests/Pods-Dota-info-Dota-infoUITests-frameworks.sh\"\n";
			showEnvVarsInLog = 0;
		};
		6ACD8D554C772CDAAF6E4080 /* [CP] Embed Pods Frameworks */ = {
			isa = PBXShellScriptBuildPhase;
			buildActionMask = 2147483647;
			files = (
			);
			inputFileListPaths = (
				"${PODS_ROOT}/Target Support Files/Pods-Dota-infoTests/Pods-Dota-infoTests-frameworks-${CONFIGURATION}-input-files.xcfilelist",
			);
			name = "[CP] Embed Pods Frameworks";
			outputFileListPaths = (
				"${PODS_ROOT}/Target Support Files/Pods-Dota-infoTests/Pods-Dota-infoTests-frameworks-${CONFIGURATION}-output-files.xcfilelist",
			);
			runOnlyForDeploymentPostprocessing = 0;
			shellPath = /bin/sh;
			shellScript = "\"${PODS_ROOT}/Target Support Files/Pods-Dota-infoTests/Pods-Dota-infoTests-frameworks.sh\"\n";
			showEnvVarsInLog = 0;
		};
		74F7D3B801B2E2A529E7A91D /* [CP] Check Pods Manifest.lock */ = {
			isa = PBXShellScriptBuildPhase;
			buildActionMask = 2147483647;
			files = (
			);
			inputFileListPaths = (
			);
			inputPaths = (
				"${PODS_PODFILE_DIR_PATH}/Podfile.lock",
				"${PODS_ROOT}/Manifest.lock",
			);
			name = "[CP] Check Pods Manifest.lock";
			outputFileListPaths = (
			);
			outputPaths = (
				"$(DERIVED_FILE_DIR)/Pods-Dota-info-Dota-infoUITests-checkManifestLockResult.txt",
			);
			runOnlyForDeploymentPostprocessing = 0;
			shellPath = /bin/sh;
			shellScript = "diff \"${PODS_PODFILE_DIR_PATH}/Podfile.lock\" \"${PODS_ROOT}/Manifest.lock\" > /dev/null\nif [ $? != 0 ] ; then\n    # print error to STDERR\n    echo \"error: The sandbox is not in sync with the Podfile.lock. Run 'pod install' or update your CocoaPods installation.\" >&2\n    exit 1\nfi\n# This output is used by Xcode 'outputs' to avoid re-running this script phase.\necho \"SUCCESS\" > \"${SCRIPT_OUTPUT_FILE_0}\"\n";
			showEnvVarsInLog = 0;
		};
		C11BEEF5F2BC023625F430F6 /* [CP] Embed Pods Frameworks */ = {
			isa = PBXShellScriptBuildPhase;
			buildActionMask = 2147483647;
			files = (
			);
			inputFileListPaths = (
				"${PODS_ROOT}/Target Support Files/Pods-Dota-info/Pods-Dota-info-frameworks-${CONFIGURATION}-input-files.xcfilelist",
			);
			name = "[CP] Embed Pods Frameworks";
			outputFileListPaths = (
				"${PODS_ROOT}/Target Support Files/Pods-Dota-info/Pods-Dota-info-frameworks-${CONFIGURATION}-output-files.xcfilelist",
			);
			runOnlyForDeploymentPostprocessing = 0;
			shellPath = /bin/sh;
			shellScript = "\"${PODS_ROOT}/Target Support Files/Pods-Dota-info/Pods-Dota-info-frameworks.sh\"\n";
			showEnvVarsInLog = 0;
		};
		E062A0DDCF230F14D2C711A0 /* [CP] Check Pods Manifest.lock */ = {
			isa = PBXShellScriptBuildPhase;
			buildActionMask = 2147483647;
			files = (
			);
			inputFileListPaths = (
			);
			inputPaths = (
				"${PODS_PODFILE_DIR_PATH}/Podfile.lock",
				"${PODS_ROOT}/Manifest.lock",
			);
			name = "[CP] Check Pods Manifest.lock";
			outputFileListPaths = (
			);
			outputPaths = (
				"$(DERIVED_FILE_DIR)/Pods-Dota-infoTests-checkManifestLockResult.txt",
			);
			runOnlyForDeploymentPostprocessing = 0;
			shellPath = /bin/sh;
			shellScript = "diff \"${PODS_PODFILE_DIR_PATH}/Podfile.lock\" \"${PODS_ROOT}/Manifest.lock\" > /dev/null\nif [ $? != 0 ] ; then\n    # print error to STDERR\n    echo \"error: The sandbox is not in sync with the Podfile.lock. Run 'pod install' or update your CocoaPods installation.\" >&2\n    exit 1\nfi\n# This output is used by Xcode 'outputs' to avoid re-running this script phase.\necho \"SUCCESS\" > \"${SCRIPT_OUTPUT_FILE_0}\"\n";
			showEnvVarsInLog = 0;
		};
/* End PBXShellScriptBuildPhase section */

/* Begin PBXSourcesBuildPhase section */
		853EADAF279992EC00265B7E /* Sources */ = {
			isa = PBXSourcesBuildPhase;
			buildActionMask = 2147483647;
			files = (
				BE6AA2902690B6AB7E1406FF /* Dota_infoApp.swift in Sources */,
				BE6AA6D95EF2160014B942DA /* DataState.swift in Sources */,
				BE6AA09F080E260E05544A1B /* UIComponent.swift in Sources */,
				BE6AA041EBC191E4C7F8479F /* ProgressState.swift in Sources */,
				BE6AA8E2067371EE0F3861B1 /* Hero.swift in Sources */,
				BE6AA1A3E191FC6DBD40914E /* HeroAttribute.swift in Sources */,
				BE6AA64E6421D1443AFC871F /* HeroAttackType.swift in Sources */,
				BE6AA6ED464EA82FD90F2A3A /* HeroRole.swift in Sources */,
				BE6AAA44EC36A4DA038BCD72 /* GetHeroes.swift in Sources */,
				BE6AA710B688CFDF930BE7D8 /* HeroListView.swift in Sources */,
				BE6AA3E3F639E6999E5298EC /* HeroListState.swift in Sources */,
				BE6AA7136197175C4B19F1C7 /* HeroListViewModel.swift in Sources */,
				BE6AABA52EB97A9488829F3E /* ActivityIndicator.swift in Sources */,
				BE6AA5CEEAF5A355EEE32149 /* HeroRow.swift in Sources */,
				BE6AADE48FF56324212572F6 /* HeroDataEmpty.swift in Sources */,
				BE6AA70E036FBC712384DA8D /* HeroDataValid.swift in Sources */,
				BE6AAAAE9C6364E70DDBEE5F /* HeroDataMalformed.swift in Sources */,
				BE6AAFB068247C1BD7353EAC /* HeroServiceResponseType.swift in Sources */,
				BE6AA0B0BEA5AB39F4315447 /* HeroService.swift in Sources */,
				BE6AA7644184845A8B8B5C5F /* HeroDto.swift in Sources */,
				BE6AAB52C8C552A6956419EC /* HeroServiceImpl.swift in Sources */,
				BE6AA3DC3FD1C316B38F0A6D /* HeroServiceFake.swift in Sources */,
				BE6AADD40F7E4FB880C7D3FC /* Endpoints.swift in Sources */,
				BE6AA96329EBA3D643DC7675 /* LoggerFirebase.swift in Sources */,
				BE6AAFA5E6634BC3DE11205E /* LoggerDebug.swift in Sources */,
				BE6AA71B5EB100B8D3780FC2 /* Logger.swift in Sources */,
				BE6AAD3714BA4061EE431878 /* LoggerFirebaseFactory.swift in Sources */,
				BE6AA0E8A3CB6AB6C20417B0 /* LoggerFactory.swift in Sources */,
				BE6AAE44E067D44E0C797EC1 /* LoggerDebugFactory.swift in Sources */,
			);
			runOnlyForDeploymentPostprocessing = 0;
		};
		853EADBF279992ED00265B7E /* Sources */ = {
			isa = PBXSourcesBuildPhase;
			buildActionMask = 2147483647;
			files = (
				BE6AAF802A63DB5760BB2766 /* GetHeroes.swift in Sources */,
				BE6AAEE711EC81F3570E9273 /* HeroAttribute.swift in Sources */,
				BE6AAE295AF422CC4A7BDB0D /* HeroRole.swift in Sources */,
				BE6AA0704C3161BD1B1E6010 /* HeroAttackType.swift in Sources */,
				BE6AA5A786C4F13590275867 /* Hero.swift in Sources */,
				BE6AA40E82839F5D3259895E /* DataState.swift in Sources */,
				BE6AA8A08CFC8A39BB51636F /* ProgressState.swift in Sources */,
				BE6AAE6DDF1A3CD24CA8FA5B /* UIComponent.swift in Sources */,
				BE6AA8C406C2CB09C265CF99 /* HeroServiceFake.swift in Sources */,
				BE6AAC2720B279385372C8EB /* HeroServiceResponseType.swift in Sources */,
				BE6AADE349FB39E9FA0187E9 /* HeroService.swift in Sources */,
				BE6AA1339AEDA067B8C484E3 /* HeroDto.swift in Sources */,
				BE6AA8B944CCEAE9C30897D9 /* HeroServiceImpl.swift in Sources */,
				BE6AA26B5196051CF50F842F /* GetHeroesTests.swift in Sources */,
				BE6AA8CE6F98E3A8312C6545 /* HeroDataMalformed.swift in Sources */,
				BE6AA52A5A95343C24605F57 /* HeroDataEmpty.swift in Sources */,
				BE6AA5EC76300E7DEB5F8D79 /* HeroDataValid.swift in Sources */,
				BE6AAAB5E4756F17A652A6C1 /* Endpoints.swift in Sources */,
				BE6AAEC938FC91B3C54399C9 /* LoggerFirebase.swift in Sources */,
				BE6AA7FAFA339ADB8F124D13 /* LoggerDebug.swift in Sources */,
				BE6AA0550B284F3CB9462745 /* Logger.swift in Sources */,
				BE6AA00312D2A86443671525 /* LoggerFirebaseFactory.swift in Sources */,
				BE6AA68C7CF6A8D2BAA2669E /* LoggerFactory.swift in Sources */,
				BE6AA88A9694CBE5AAFABD44 /* LoggerDebugFactory.swift in Sources */,
			);
			runOnlyForDeploymentPostprocessing = 0;
		};
		853EADC9279992ED00265B7E /* Sources */ = {
			isa = PBXSourcesBuildPhase;
			buildActionMask = 2147483647;
			files = (
				853EADD4279992ED00265B7E /* Dota_infoUITestsLaunchTests.swift in Sources */,
				853EADD2279992ED00265B7E /* Dota_infoUITests.swift in Sources */,
				BE6AA185FA22D2118E643AEA /* LoggerFirebase.swift in Sources */,
				BE6AA7AC911A1A14D6F1950B /* LoggerDebug.swift in Sources */,
				BE6AA7E1A33598DC9E323CCA /* Logger.swift in Sources */,
				BE6AA66961C7996E6EAA4610 /* LoggerFirebaseFactory.swift in Sources */,
				BE6AA8BAA6BC87F1CC759D73 /* LoggerFactory.swift in Sources */,
				BE6AAEDA8B82D0D1385E68BB /* LoggerDebugFactory.swift in Sources */,
			);
			runOnlyForDeploymentPostprocessing = 0;
		};
/* End PBXSourcesBuildPhase section */

/* Begin PBXTargetDependency section */
		853EADC5279992ED00265B7E /* PBXTargetDependency */ = {
			isa = PBXTargetDependency;
			target = 853EADB2279992EC00265B7E /* Dota-info */;
			targetProxy = 853EADC4279992ED00265B7E /* PBXContainerItemProxy */;
		};
		853EADCF279992ED00265B7E /* PBXTargetDependency */ = {
			isa = PBXTargetDependency;
			target = 853EADB2279992EC00265B7E /* Dota-info */;
			targetProxy = 853EADCE279992ED00265B7E /* PBXContainerItemProxy */;
		};
/* End PBXTargetDependency section */

/* Begin XCBuildConfiguration section */
		853EADD5279992ED00265B7E /* Debug */ = {
			isa = XCBuildConfiguration;
			buildSettings = {
				ALWAYS_SEARCH_USER_PATHS = NO;
				CLANG_ANALYZER_NONNULL = YES;
				CLANG_ANALYZER_NUMBER_OBJECT_CONVERSION = YES_AGGRESSIVE;
				CLANG_CXX_LANGUAGE_STANDARD = "gnu++17";
				CLANG_CXX_LIBRARY = "libc++";
				CLANG_ENABLE_MODULES = YES;
				CLANG_ENABLE_OBJC_ARC = YES;
				CLANG_ENABLE_OBJC_WEAK = YES;
				CLANG_WARN_BLOCK_CAPTURE_AUTORELEASING = YES;
				CLANG_WARN_BOOL_CONVERSION = YES;
				CLANG_WARN_COMMA = YES;
				CLANG_WARN_CONSTANT_CONVERSION = YES;
				CLANG_WARN_DEPRECATED_OBJC_IMPLEMENTATIONS = YES;
				CLANG_WARN_DIRECT_OBJC_ISA_USAGE = YES_ERROR;
				CLANG_WARN_DOCUMENTATION_COMMENTS = YES;
				CLANG_WARN_EMPTY_BODY = YES;
				CLANG_WARN_ENUM_CONVERSION = YES;
				CLANG_WARN_INFINITE_RECURSION = YES;
				CLANG_WARN_INT_CONVERSION = YES;
				CLANG_WARN_NON_LITERAL_NULL_CONVERSION = YES;
				CLANG_WARN_OBJC_IMPLICIT_RETAIN_SELF = YES;
				CLANG_WARN_OBJC_LITERAL_CONVERSION = YES;
				CLANG_WARN_OBJC_ROOT_CLASS = YES_ERROR;
				CLANG_WARN_QUOTED_INCLUDE_IN_FRAMEWORK_HEADER = YES;
				CLANG_WARN_RANGE_LOOP_ANALYSIS = YES;
				CLANG_WARN_STRICT_PROTOTYPES = YES;
				CLANG_WARN_SUSPICIOUS_MOVE = YES;
				CLANG_WARN_UNGUARDED_AVAILABILITY = YES_AGGRESSIVE;
				CLANG_WARN_UNREACHABLE_CODE = YES;
				CLANG_WARN__DUPLICATE_METHOD_MATCH = YES;
				COPY_PHASE_STRIP = NO;
				DEBUG_INFORMATION_FORMAT = dwarf;
				ENABLE_STRICT_OBJC_MSGSEND = YES;
				ENABLE_TESTABILITY = YES;
				GCC_C_LANGUAGE_STANDARD = gnu11;
				GCC_DYNAMIC_NO_PIC = NO;
				GCC_NO_COMMON_BLOCKS = YES;
				GCC_OPTIMIZATION_LEVEL = 0;
				GCC_PREPROCESSOR_DEFINITIONS = (
					"DEBUG=1",
					"$(inherited)",
				);
				GCC_WARN_64_TO_32_BIT_CONVERSION = YES;
				GCC_WARN_ABOUT_RETURN_TYPE = YES_ERROR;
				GCC_WARN_UNDECLARED_SELECTOR = YES;
				GCC_WARN_UNINITIALIZED_AUTOS = YES_AGGRESSIVE;
				GCC_WARN_UNUSED_FUNCTION = YES;
				GCC_WARN_UNUSED_VARIABLE = YES;
				IPHONEOS_DEPLOYMENT_TARGET = 15.0;
				MTL_ENABLE_DEBUG_INFO = INCLUDE_SOURCE;
				MTL_FAST_MATH = YES;
				ONLY_ACTIVE_ARCH = YES;
				SDKROOT = iphoneos;
				SWIFT_ACTIVE_COMPILATION_CONDITIONS = DEBUG;
				SWIFT_OPTIMIZATION_LEVEL = "-Onone";
			};
			name = Debug;
		};
		853EADD6279992ED00265B7E /* Release */ = {
			isa = XCBuildConfiguration;
			buildSettings = {
				ALWAYS_SEARCH_USER_PATHS = NO;
				CLANG_ANALYZER_NONNULL = YES;
				CLANG_ANALYZER_NUMBER_OBJECT_CONVERSION = YES_AGGRESSIVE;
				CLANG_CXX_LANGUAGE_STANDARD = "gnu++17";
				CLANG_CXX_LIBRARY = "libc++";
				CLANG_ENABLE_MODULES = YES;
				CLANG_ENABLE_OBJC_ARC = YES;
				CLANG_ENABLE_OBJC_WEAK = YES;
				CLANG_WARN_BLOCK_CAPTURE_AUTORELEASING = YES;
				CLANG_WARN_BOOL_CONVERSION = YES;
				CLANG_WARN_COMMA = YES;
				CLANG_WARN_CONSTANT_CONVERSION = YES;
				CLANG_WARN_DEPRECATED_OBJC_IMPLEMENTATIONS = YES;
				CLANG_WARN_DIRECT_OBJC_ISA_USAGE = YES_ERROR;
				CLANG_WARN_DOCUMENTATION_COMMENTS = YES;
				CLANG_WARN_EMPTY_BODY = YES;
				CLANG_WARN_ENUM_CONVERSION = YES;
				CLANG_WARN_INFINITE_RECURSION = YES;
				CLANG_WARN_INT_CONVERSION = YES;
				CLANG_WARN_NON_LITERAL_NULL_CONVERSION = YES;
				CLANG_WARN_OBJC_IMPLICIT_RETAIN_SELF = YES;
				CLANG_WARN_OBJC_LITERAL_CONVERSION = YES;
				CLANG_WARN_OBJC_ROOT_CLASS = YES_ERROR;
				CLANG_WARN_QUOTED_INCLUDE_IN_FRAMEWORK_HEADER = YES;
				CLANG_WARN_RANGE_LOOP_ANALYSIS = YES;
				CLANG_WARN_STRICT_PROTOTYPES = YES;
				CLANG_WARN_SUSPICIOUS_MOVE = YES;
				CLANG_WARN_UNGUARDED_AVAILABILITY = YES_AGGRESSIVE;
				CLANG_WARN_UNREACHABLE_CODE = YES;
				CLANG_WARN__DUPLICATE_METHOD_MATCH = YES;
				COPY_PHASE_STRIP = NO;
				DEBUG_INFORMATION_FORMAT = "dwarf-with-dsym";
				ENABLE_NS_ASSERTIONS = NO;
				ENABLE_STRICT_OBJC_MSGSEND = YES;
				GCC_C_LANGUAGE_STANDARD = gnu11;
				GCC_NO_COMMON_BLOCKS = YES;
				GCC_WARN_64_TO_32_BIT_CONVERSION = YES;
				GCC_WARN_ABOUT_RETURN_TYPE = YES_ERROR;
				GCC_WARN_UNDECLARED_SELECTOR = YES;
				GCC_WARN_UNINITIALIZED_AUTOS = YES_AGGRESSIVE;
				GCC_WARN_UNUSED_FUNCTION = YES;
				GCC_WARN_UNUSED_VARIABLE = YES;
				IPHONEOS_DEPLOYMENT_TARGET = 15.0;
				MTL_ENABLE_DEBUG_INFO = NO;
				MTL_FAST_MATH = YES;
				SDKROOT = iphoneos;
				SWIFT_COMPILATION_MODE = wholemodule;
				SWIFT_OPTIMIZATION_LEVEL = "-O";
				VALIDATE_PRODUCT = YES;
			};
			name = Release;
		};
		853EADD8279992ED00265B7E /* Debug */ = {
			isa = XCBuildConfiguration;
			baseConfigurationReference = FD9D9423703B34CB93740E4F /* Pods-Dota-info.debug.xcconfig */;
			buildSettings = {
				ASSETCATALOG_COMPILER_APPICON_NAME = AppIcon;
				ASSETCATALOG_COMPILER_GLOBAL_ACCENT_COLOR_NAME = AccentColor;
				CODE_SIGN_STYLE = Automatic;
				CURRENT_PROJECT_VERSION = 1;
				DEVELOPMENT_ASSET_PATHS = "\"Dota-info/Preview Content\"";
				ENABLE_PREVIEWS = YES;
				GENERATE_INFOPLIST_FILE = YES;
				INFOPLIST_KEY_UIApplicationSceneManifest_Generation = YES;
				INFOPLIST_KEY_UIApplicationSupportsIndirectInputEvents = YES;
				INFOPLIST_KEY_UILaunchScreen_Generation = YES;
				INFOPLIST_KEY_UISupportedInterfaceOrientations_iPad = "UIInterfaceOrientationPortrait UIInterfaceOrientationPortraitUpsideDown UIInterfaceOrientationLandscapeLeft UIInterfaceOrientationLandscapeRight";
				INFOPLIST_KEY_UISupportedInterfaceOrientations_iPhone = "UIInterfaceOrientationPortrait UIInterfaceOrientationLandscapeLeft UIInterfaceOrientationLandscapeRight";
				LD_RUNPATH_SEARCH_PATHS = (
					"$(inherited)",
					"@executable_path/Frameworks",
				);
				MARKETING_VERSION = 1.0;
				PRODUCT_BUNDLE_IDENTIFIER = "com.brunohams.Dota-info";
				PRODUCT_NAME = "$(TARGET_NAME)";
				SWIFT_EMIT_LOC_STRINGS = YES;
				SWIFT_VERSION = 5.0;
				TARGETED_DEVICE_FAMILY = "1,2";
			};
			name = Debug;
		};
		853EADD9279992ED00265B7E /* Release */ = {
			isa = XCBuildConfiguration;
			baseConfigurationReference = 607D143431807673A3F9AF70 /* Pods-Dota-info.release.xcconfig */;
			buildSettings = {
				ASSETCATALOG_COMPILER_APPICON_NAME = AppIcon;
				ASSETCATALOG_COMPILER_GLOBAL_ACCENT_COLOR_NAME = AccentColor;
				CODE_SIGN_STYLE = Automatic;
				CURRENT_PROJECT_VERSION = 1;
				DEVELOPMENT_ASSET_PATHS = "\"Dota-info/Preview Content\"";
				ENABLE_PREVIEWS = YES;
				GENERATE_INFOPLIST_FILE = YES;
				INFOPLIST_KEY_UIApplicationSceneManifest_Generation = YES;
				INFOPLIST_KEY_UIApplicationSupportsIndirectInputEvents = YES;
				INFOPLIST_KEY_UILaunchScreen_Generation = YES;
				INFOPLIST_KEY_UISupportedInterfaceOrientations_iPad = "UIInterfaceOrientationPortrait UIInterfaceOrientationPortraitUpsideDown UIInterfaceOrientationLandscapeLeft UIInterfaceOrientationLandscapeRight";
				INFOPLIST_KEY_UISupportedInterfaceOrientations_iPhone = "UIInterfaceOrientationPortrait UIInterfaceOrientationLandscapeLeft UIInterfaceOrientationLandscapeRight";
				LD_RUNPATH_SEARCH_PATHS = (
					"$(inherited)",
					"@executable_path/Frameworks",
				);
				MARKETING_VERSION = 1.0;
				PRODUCT_BUNDLE_IDENTIFIER = "com.brunohams.Dota-info";
				PRODUCT_NAME = "$(TARGET_NAME)";
				SWIFT_EMIT_LOC_STRINGS = YES;
				SWIFT_VERSION = 5.0;
				TARGETED_DEVICE_FAMILY = "1,2";
			};
			name = Release;
		};
		853EADDB279992ED00265B7E /* Debug */ = {
			isa = XCBuildConfiguration;
			baseConfigurationReference = 02148A805CA46D093FD4D859 /* Pods-Dota-infoTests.debug.xcconfig */;
			buildSettings = {
				ALWAYS_EMBED_SWIFT_STANDARD_LIBRARIES = YES;
				CODE_SIGN_IDENTITY = "Apple Development";
				"CODE_SIGN_IDENTITY[sdk=macosx*]" = "Apple Development";
				CODE_SIGN_STYLE = Automatic;
				CURRENT_PROJECT_VERSION = 1;
				DEVELOPMENT_TEAM = "";
				GENERATE_INFOPLIST_FILE = YES;
				IPHONEOS_DEPLOYMENT_TARGET = 15.0;
				LD_RUNPATH_SEARCH_PATHS = (
					"$(inherited)",
					"@executable_path/Frameworks",
					"@loader_path/Frameworks",
				);
				MARKETING_VERSION = 1.0;
				PRODUCT_BUNDLE_IDENTIFIER = "com.brunohams.Dota-infoTests";
				PRODUCT_NAME = "$(TARGET_NAME)";
				PROVISIONING_PROFILE_SPECIFIER = "";
				"PROVISIONING_PROFILE_SPECIFIER[sdk=macosx*]" = "";
				SWIFT_EMIT_LOC_STRINGS = NO;
				SWIFT_VERSION = 5.0;
				TARGETED_DEVICE_FAMILY = "1,2";
			};
			name = Debug;
		};
		853EADDC279992ED00265B7E /* Release */ = {
			isa = XCBuildConfiguration;
			baseConfigurationReference = CDB0C2B423A56944C3D49AB8 /* Pods-Dota-infoTests.release.xcconfig */;
			buildSettings = {
				ALWAYS_EMBED_SWIFT_STANDARD_LIBRARIES = YES;
				CODE_SIGN_IDENTITY = "Apple Development";
				"CODE_SIGN_IDENTITY[sdk=macosx*]" = "Apple Development";
				CODE_SIGN_STYLE = Automatic;
				CURRENT_PROJECT_VERSION = 1;
				DEVELOPMENT_TEAM = "";
				GENERATE_INFOPLIST_FILE = YES;
				IPHONEOS_DEPLOYMENT_TARGET = 15.0;
				LD_RUNPATH_SEARCH_PATHS = (
					"$(inherited)",
					"@executable_path/Frameworks",
					"@loader_path/Frameworks",
				);
				MARKETING_VERSION = 1.0;
				PRODUCT_BUNDLE_IDENTIFIER = "com.brunohams.Dota-infoTests";
				PRODUCT_NAME = "$(TARGET_NAME)";
				PROVISIONING_PROFILE_SPECIFIER = "";
				"PROVISIONING_PROFILE_SPECIFIER[sdk=macosx*]" = "";
				SWIFT_EMIT_LOC_STRINGS = NO;
				SWIFT_VERSION = 5.0;
				TARGETED_DEVICE_FAMILY = "1,2";
			};
			name = Release;
		};
		853EADDE279992ED00265B7E /* Debug */ = {
			isa = XCBuildConfiguration;
			baseConfigurationReference = 0F63551EDF398F0BE94345D2 /* Pods-Dota-info-Dota-infoUITests.debug.xcconfig */;
			buildSettings = {
				ALWAYS_EMBED_SWIFT_STANDARD_LIBRARIES = YES;
				CODE_SIGN_STYLE = Automatic;
				CURRENT_PROJECT_VERSION = 1;
				GENERATE_INFOPLIST_FILE = YES;
				LD_RUNPATH_SEARCH_PATHS = (
					"$(inherited)",
					"@executable_path/Frameworks",
					"@loader_path/Frameworks",
				);
				MARKETING_VERSION = 1.0;
				PRODUCT_BUNDLE_IDENTIFIER = "com.brunohams.Dota-infoUITests";
				PRODUCT_NAME = "$(TARGET_NAME)";
				SWIFT_EMIT_LOC_STRINGS = NO;
				SWIFT_VERSION = 5.0;
				TARGETED_DEVICE_FAMILY = "1,2";
				TEST_TARGET_NAME = "Dota-info";
			};
			name = Debug;
		};
		853EADDF279992ED00265B7E /* Release */ = {
			isa = XCBuildConfiguration;
			baseConfigurationReference = F0A9A2A17BC87F372D123226 /* Pods-Dota-info-Dota-infoUITests.release.xcconfig */;
			buildSettings = {
				ALWAYS_EMBED_SWIFT_STANDARD_LIBRARIES = YES;
				CODE_SIGN_STYLE = Automatic;
				CURRENT_PROJECT_VERSION = 1;
				GENERATE_INFOPLIST_FILE = YES;
				LD_RUNPATH_SEARCH_PATHS = (
					"$(inherited)",
					"@executable_path/Frameworks",
					"@loader_path/Frameworks",
				);
				MARKETING_VERSION = 1.0;
				PRODUCT_BUNDLE_IDENTIFIER = "com.brunohams.Dota-infoUITests";
				PRODUCT_NAME = "$(TARGET_NAME)";
				SWIFT_EMIT_LOC_STRINGS = NO;
				SWIFT_VERSION = 5.0;
				TARGETED_DEVICE_FAMILY = "1,2";
				TEST_TARGET_NAME = "Dota-info";
			};
			name = Release;
		};
/* End XCBuildConfiguration section */

/* Begin XCConfigurationList section */
		853EADAE279992EC00265B7E /* Build configuration list for PBXProject "Dota-info" */ = {
			isa = XCConfigurationList;
			buildConfigurations = (
				853EADD5279992ED00265B7E /* Debug */,
				853EADD6279992ED00265B7E /* Release */,
			);
			defaultConfigurationIsVisible = 0;
			defaultConfigurationName = Release;
		};
		853EADD7279992ED00265B7E /* Build configuration list for PBXNativeTarget "Dota-info" */ = {
			isa = XCConfigurationList;
			buildConfigurations = (
				853EADD8279992ED00265B7E /* Debug */,
				853EADD9279992ED00265B7E /* Release */,
			);
			defaultConfigurationIsVisible = 0;
			defaultConfigurationName = Release;
		};
		853EADDA279992ED00265B7E /* Build configuration list for PBXNativeTarget "Dota-infoTests" */ = {
			isa = XCConfigurationList;
			buildConfigurations = (
				853EADDB279992ED00265B7E /* Debug */,
				853EADDC279992ED00265B7E /* Release */,
			);
			defaultConfigurationIsVisible = 0;
			defaultConfigurationName = Release;
		};
		853EADDD279992ED00265B7E /* Build configuration list for PBXNativeTarget "Dota-infoUITests" */ = {
			isa = XCConfigurationList;
			buildConfigurations = (
				853EADDE279992ED00265B7E /* Debug */,
				853EADDF279992ED00265B7E /* Release */,
			);
			defaultConfigurationIsVisible = 0;
			defaultConfigurationName = Release;
		};
/* End XCConfigurationList section */
	};
	rootObject = 853EADAB279992EC00265B7E /* Project object */;
}
